// !$*UTF8*$!
{
	archiveVersion = 1;
	classes = {
	};
	objectVersion = 46;
	objects = {

/* Begin PBXBuildFile section */
		02F948F5A459938C96AEE391 /* MBMicroblinkModule.m in Sources */ = {isa = PBXBuildFile; fileRef = DBCB41E7814DED6652493AD1 /* MBMicroblinkModule.m */; };
		28F5449BA32F9E8795EA0DC6 /* MBOverlaySettingsSerializers.h in Headers */ = {isa = PBXBuildFile; fileRef = 34774E0081B5D504DA7004B4 /* MBOverlaySettingsSerializers.h */; };
		2A8647EE80ECA29B3971F267 /* MBLegacyBlinkCardEliteRecognizerWrapper.m in Sources */ = {isa = PBXBuildFile; fileRef = B1B54088973300E04E8E9DB3 /* MBLegacyBlinkCardEliteRecognizerWrapper.m */; };
		320747D989A767BED79DA6EE /* MBSuccessFrameGrabberRecognizerWrapper.h in Headers */ = {isa = PBXBuildFile; fileRef = 59F3486DA386425EA1F2B06F /* MBSuccessFrameGrabberRecognizerWrapper.h */; };
		35174D47B71EB38B46181D3F /* MBRecognizerWrapper.h in Headers */ = {isa = PBXBuildFile; fileRef = 590F4F1B869398C8E187AA2E /* MBRecognizerWrapper.h */; };
		38214119A76C9C105934D3C1 /* MBRecognizerWrapper.m in Sources */ = {isa = PBXBuildFile; fileRef = 310D4312ADA80279A4B67DC7 /* MBRecognizerWrapper.m */; };
		3EBC4B9B8A13A79BE666D129 /* MBSerializationUtils.m in Sources */ = {isa = PBXBuildFile; fileRef = 1C0C4B81A3DB19072DBFD324 /* MBSerializationUtils.m */; };
		417F451F8E98822849CD9B59 /* MBCommonSerializationUtils.m in Sources */ = {isa = PBXBuildFile; fileRef = 8ACA4006ABCF16014C60B67B /* MBCommonSerializationUtils.m */; };
		45004FC3B6DEE21CA6EC7779 /* MBBlinkCardSerializationUtils.m in Sources */ = {isa = PBXBuildFile; fileRef = 3BDE4EFD9EEA0FCDB452DE56 /* MBBlinkCardSerializationUtils.m */; };
		471E4F928883C978BA56D5CC /* MBCommonSerializationUtils.h in Headers */ = {isa = PBXBuildFile; fileRef = 443C4AADA56839A35E355697 /* MBCommonSerializationUtils.h */; };
		60A649CAA44653080829A81E /* MBMicroblinkModule.h in Headers */ = {isa = PBXBuildFile; fileRef = AE5044FAA008D08EB1930AD6 /* MBMicroblinkModule.h */; };
		63864DB1949F7FEED1BE6416 /* MBBlinkCardOverlaySettingsSerialization.m in Sources */ = {isa = PBXBuildFile; fileRef = 8A704C0880F2F276AF9E93D6 /* MBBlinkCardOverlaySettingsSerialization.m */; };
		763445AC9F4A8391EC0F4446 /* MBBlinkCardRecognizerWrapper.h in Headers */ = {isa = PBXBuildFile; fileRef = 98FC46BF97B07239765C3639 /* MBBlinkCardRecognizerWrapper.h */; };
		841D4E148B452D85EF15F0D7 /* MBOverlayVCCreator.h in Headers */ = {isa = PBXBuildFile; fileRef = DE454FB79A5F10B2287B1D92 /* MBOverlayVCCreator.h */; };
		908A4285934738AB8D254E97 /* .gitignore in Resources */ = {isa = PBXBuildFile; fileRef = 79634516945B578B97A643FA /* .gitignore */; };
		99134AF68643E321156419F9 /* MBOverlaySettingsSerializers.m in Sources */ = {isa = PBXBuildFile; fileRef = 5FFF4A1EBC47C88BE17340D5 /* MBOverlaySettingsSerializers.m */; };
		A0704C35B4D03DB9E99770F7 /* MBRecognizerSerializers.m in Sources */ = {isa = PBXBuildFile; fileRef = B4AE400382ED2C6A3EBDBABA /* MBRecognizerSerializers.m */; };
		A27CCA401E9E5D8D00BED675 /* Accelerate.framework in Frameworks */ = {isa = PBXBuildFile; fileRef = A27CCA3A1E9E57CF00BED675 /* Accelerate.framework */; };
		A27CCA421E9E5D9400BED675 /* CoreFoundation.framework in Frameworks */ = {isa = PBXBuildFile; fileRef = A27CCA411E9E5D9400BED675 /* CoreFoundation.framework */; };
		A27CCA431E9E5D9900BED675 /* AudioToolbox.framework in Frameworks */ = {isa = PBXBuildFile; fileRef = A27CCA381E9E57C900BED675 /* AudioToolbox.framework */; };
		A27CCA441E9E5DAE00BED675 /* CoreMedia.framework in Frameworks */ = {isa = PBXBuildFile; fileRef = A27CCA3E1E9E57DA00BED675 /* CoreMedia.framework */; };
		B7D8473DB80491CBD9F02747 /* MBSuccessFrameGrabberRecognizerWrapper.m in Sources */ = {isa = PBXBuildFile; fileRef = B97C4AFB9960FBCDBFFB23E0 /* MBSuccessFrameGrabberRecognizerWrapper.m */; };
		BF82482BA5CB819792C48B9E /* MBBlinkCardRecognizerWrapper.m in Sources */ = {isa = PBXBuildFile; fileRef = 5E9B424AB13DBF2010EE25A7 /* MBBlinkCardRecognizerWrapper.m */; };
		C0F545E58D114F4E4D18E6C4 /* MBOverlaySerializationUtils.h in Headers */ = {isa = PBXBuildFile; fileRef = B1F342CE8BEB7623CFFF687B /* MBOverlaySerializationUtils.h */; };
		CC28434BAFE8773F33E08690 /* MBLegacyBlinkCardRecognizerWrapper.h in Headers */ = {isa = PBXBuildFile; fileRef = 8F374C55816FBC481E648457 /* MBLegacyBlinkCardRecognizerWrapper.h */; };
		D3944014BE69AA9085353470 /* MBOverlayViewControllerDelegate.h in Headers */ = {isa = PBXBuildFile; fileRef = 5C1C47FDBFA422EE9CE5ADD9 /* MBOverlayViewControllerDelegate.h */; };
		DD6445729F1FAD452EE5F520 /* MBSerializationUtils.h in Headers */ = {isa = PBXBuildFile; fileRef = 5F194EE0A2AAFE4F013E5FBF /* MBSerializationUtils.h */; };
		E93041C7A2E845DB5481BACF /* MBBlinkCardSerializationUtils.h in Headers */ = {isa = PBXBuildFile; fileRef = 666746C9937B525024E1A1A7 /* MBBlinkCardSerializationUtils.h */; };
		EE7A4D5680829005B4FB1E59 /* MBLegacyBlinkCardEliteRecognizerWrapper.h in Headers */ = {isa = PBXBuildFile; fileRef = 2AF547D99AB25708FD78A51C /* MBLegacyBlinkCardEliteRecognizerWrapper.h */; };
		F49C46EDBA1BBB43D845F540 /* MBRecognizerSerializers.h in Headers */ = {isa = PBXBuildFile; fileRef = CE4C416695C763744B380ABD /* MBRecognizerSerializers.h */; };
		F69F4932AE33962F8CB82EEC /* MBBlinkCardOverlaySettingsSerialization.h in Headers */ = {isa = PBXBuildFile; fileRef = 749448D09325292EBE485EA2 /* MBBlinkCardOverlaySettingsSerialization.h */; };
		F72244078895325F17BAACD3 /* MBLegacyBlinkCardRecognizerWrapper.m in Sources */ = {isa = PBXBuildFile; fileRef = 5CB5407DBD6BFBC242158647 /* MBLegacyBlinkCardRecognizerWrapper.m */; };
		FC8940098077D64CFDAA498F /* MBOverlaySerializationUtils.m in Sources */ = {isa = PBXBuildFile; fileRef = 97E44064887D93911C57319E /* MBOverlaySerializationUtils.m */; };
/* End PBXBuildFile section */

/* Begin PBXCopyFilesBuildPhase section */
		A27CCA291E9E57A500BED675 /* CopyFiles */ = {
			isa = PBXCopyFilesBuildPhase;
			buildActionMask = 2147483647;
			dstPath = "include/$(PRODUCT_NAME)";
			dstSubfolderSpec = 16;
			files = (
			);
			runOnlyForDeploymentPostprocessing = 0;
		};
/* End PBXCopyFilesBuildPhase section */

/* Begin PBXFileReference section */
		1C0C4B81A3DB19072DBFD324 /* MBSerializationUtils.m */ = {isa = PBXFileReference; lastKnownFileType = sourcecode.c.objc; name = MBSerializationUtils.m; path = MicroblinkModule/MBSerializationUtils.m; sourceTree = "<group>"; };
		2AF547D99AB25708FD78A51C /* MBLegacyBlinkCardEliteRecognizerWrapper.h */ = {isa = PBXFileReference; lastKnownFileType = sourcecode.c.h; name = MBLegacyBlinkCardEliteRecognizerWrapper.h; path = MicroblinkModule/Recognizers/Wrappers/MBLegacyBlinkCardEliteRecognizerWrapper.h; sourceTree = "<group>"; };
		310D4312ADA80279A4B67DC7 /* MBRecognizerWrapper.m */ = {isa = PBXFileReference; lastKnownFileType = sourcecode.c.objc; name = MBRecognizerWrapper.m; path = MicroblinkModule/Recognizers/MBRecognizerWrapper.m; sourceTree = "<group>"; };
		34774E0081B5D504DA7004B4 /* MBOverlaySettingsSerializers.h */ = {isa = PBXFileReference; lastKnownFileType = sourcecode.c.h; name = MBOverlaySettingsSerializers.h; path = MicroblinkModule/Overlays/MBOverlaySettingsSerializers.h; sourceTree = "<group>"; };
		3BDE4EFD9EEA0FCDB452DE56 /* MBBlinkCardSerializationUtils.m */ = {isa = PBXFileReference; lastKnownFileType = sourcecode.c.objc; name = MBBlinkCardSerializationUtils.m; path = MicroblinkModule/MBBlinkCardSerializationUtils.m; sourceTree = "<group>"; };
		443C4AADA56839A35E355697 /* MBCommonSerializationUtils.h */ = {isa = PBXFileReference; lastKnownFileType = sourcecode.c.h; name = MBCommonSerializationUtils.h; path = MicroblinkModule/MBCommonSerializationUtils.h; sourceTree = "<group>"; };
		590F4F1B869398C8E187AA2E /* MBRecognizerWrapper.h */ = {isa = PBXFileReference; lastKnownFileType = sourcecode.c.h; name = MBRecognizerWrapper.h; path = MicroblinkModule/Recognizers/MBRecognizerWrapper.h; sourceTree = "<group>"; };
		59F3486DA386425EA1F2B06F /* MBSuccessFrameGrabberRecognizerWrapper.h */ = {isa = PBXFileReference; lastKnownFileType = sourcecode.c.h; name = MBSuccessFrameGrabberRecognizerWrapper.h; path = MicroblinkModule/Recognizers/Wrappers/MBSuccessFrameGrabberRecognizerWrapper.h; sourceTree = "<group>"; };
		5C1C47FDBFA422EE9CE5ADD9 /* MBOverlayViewControllerDelegate.h */ = {isa = PBXFileReference; lastKnownFileType = sourcecode.c.h; name = MBOverlayViewControllerDelegate.h; path = MicroblinkModule/Overlays/MBOverlayViewControllerDelegate.h; sourceTree = "<group>"; };
		5CB5407DBD6BFBC242158647 /* MBLegacyBlinkCardRecognizerWrapper.m */ = {isa = PBXFileReference; lastKnownFileType = sourcecode.c.objc; name = MBLegacyBlinkCardRecognizerWrapper.m; path = MicroblinkModule/Recognizers/Wrappers/MBLegacyBlinkCardRecognizerWrapper.m; sourceTree = "<group>"; };
		5E9B424AB13DBF2010EE25A7 /* MBBlinkCardRecognizerWrapper.m */ = {isa = PBXFileReference; lastKnownFileType = sourcecode.c.objc; name = MBBlinkCardRecognizerWrapper.m; path = MicroblinkModule/Recognizers/Wrappers/MBBlinkCardRecognizerWrapper.m; sourceTree = "<group>"; };
		5F194EE0A2AAFE4F013E5FBF /* MBSerializationUtils.h */ = {isa = PBXFileReference; lastKnownFileType = sourcecode.c.h; name = MBSerializationUtils.h; path = MicroblinkModule/MBSerializationUtils.h; sourceTree = "<group>"; };
		5FFF4A1EBC47C88BE17340D5 /* MBOverlaySettingsSerializers.m */ = {isa = PBXFileReference; lastKnownFileType = sourcecode.c.objc; name = MBOverlaySettingsSerializers.m; path = MicroblinkModule/Overlays/MBOverlaySettingsSerializers.m; sourceTree = "<group>"; };
		666746C9937B525024E1A1A7 /* MBBlinkCardSerializationUtils.h */ = {isa = PBXFileReference; lastKnownFileType = sourcecode.c.h; name = MBBlinkCardSerializationUtils.h; path = MicroblinkModule/MBBlinkCardSerializationUtils.h; sourceTree = "<group>"; };
		749448D09325292EBE485EA2 /* MBBlinkCardOverlaySettingsSerialization.h */ = {isa = PBXFileReference; lastKnownFileType = sourcecode.c.h; name = MBBlinkCardOverlaySettingsSerialization.h; path = MicroblinkModule/Overlays/Serialization/MBBlinkCardOverlaySettingsSerialization.h; sourceTree = "<group>"; };
		79634516945B578B97A643FA /* .gitignore */ = {isa = PBXFileReference; lastKnownFileType = text; name = .gitignore; path = MicroblinkModule/Overlays/Serialization/.gitignore; sourceTree = "<group>"; };
		8A704C0880F2F276AF9E93D6 /* MBBlinkCardOverlaySettingsSerialization.m */ = {isa = PBXFileReference; lastKnownFileType = sourcecode.c.objc; name = MBBlinkCardOverlaySettingsSerialization.m; path = MicroblinkModule/Overlays/Serialization/MBBlinkCardOverlaySettingsSerialization.m; sourceTree = "<group>"; };
		8ACA4006ABCF16014C60B67B /* MBCommonSerializationUtils.m */ = {isa = PBXFileReference; lastKnownFileType = sourcecode.c.objc; name = MBCommonSerializationUtils.m; path = MicroblinkModule/MBCommonSerializationUtils.m; sourceTree = "<group>"; };
		8F374C55816FBC481E648457 /* MBLegacyBlinkCardRecognizerWrapper.h */ = {isa = PBXFileReference; lastKnownFileType = sourcecode.c.h; name = MBLegacyBlinkCardRecognizerWrapper.h; path = MicroblinkModule/Recognizers/Wrappers/MBLegacyBlinkCardRecognizerWrapper.h; sourceTree = "<group>"; };
		97E44064887D93911C57319E /* MBOverlaySerializationUtils.m */ = {isa = PBXFileReference; lastKnownFileType = sourcecode.c.objc; name = MBOverlaySerializationUtils.m; path = MicroblinkModule/Overlays/MBOverlaySerializationUtils.m; sourceTree = "<group>"; };
		98FC46BF97B07239765C3639 /* MBBlinkCardRecognizerWrapper.h */ = {isa = PBXFileReference; lastKnownFileType = sourcecode.c.h; name = MBBlinkCardRecognizerWrapper.h; path = MicroblinkModule/Recognizers/Wrappers/MBBlinkCardRecognizerWrapper.h; sourceTree = "<group>"; };
		A27CCA2B1E9E57A500BED675 /* libMicroblinkModule.a */ = {isa = PBXFileReference; explicitFileType = archive.ar; includeInIndex = 0; path = libMicroblinkModule.a; sourceTree = BUILT_PRODUCTS_DIR; };
		A27CCA381E9E57C900BED675 /* AudioToolbox.framework */ = {isa = PBXFileReference; lastKnownFileType = wrapper.framework; name = AudioToolbox.framework; path = System/Library/Frameworks/AudioToolbox.framework; sourceTree = SDKROOT; };
		A27CCA3A1E9E57CF00BED675 /* Accelerate.framework */ = {isa = PBXFileReference; lastKnownFileType = wrapper.framework; name = Accelerate.framework; path = System/Library/Frameworks/Accelerate.framework; sourceTree = SDKROOT; };
		A27CCA3C1E9E57D600BED675 /* AVFoundation.framework */ = {isa = PBXFileReference; lastKnownFileType = wrapper.framework; name = AVFoundation.framework; path = System/Library/Frameworks/AVFoundation.framework; sourceTree = SDKROOT; };
		A27CCA3E1E9E57DA00BED675 /* CoreMedia.framework */ = {isa = PBXFileReference; lastKnownFileType = wrapper.framework; name = CoreMedia.framework; path = System/Library/Frameworks/CoreMedia.framework; sourceTree = SDKROOT; };
		A27CCA411E9E5D9400BED675 /* CoreFoundation.framework */ = {isa = PBXFileReference; lastKnownFileType = wrapper.framework; name = CoreFoundation.framework; path = System/Library/Frameworks/CoreFoundation.framework; sourceTree = SDKROOT; };
		AE5044FAA008D08EB1930AD6 /* MBMicroblinkModule.h */ = {isa = PBXFileReference; lastKnownFileType = sourcecode.c.h; name = MBMicroblinkModule.h; path = MicroblinkModule/MBMicroblinkModule.h; sourceTree = "<group>"; };
		B1B54088973300E04E8E9DB3 /* MBLegacyBlinkCardEliteRecognizerWrapper.m */ = {isa = PBXFileReference; lastKnownFileType = sourcecode.c.objc; name = MBLegacyBlinkCardEliteRecognizerWrapper.m; path = MicroblinkModule/Recognizers/Wrappers/MBLegacyBlinkCardEliteRecognizerWrapper.m; sourceTree = "<group>"; };
		B1F342CE8BEB7623CFFF687B /* MBOverlaySerializationUtils.h */ = {isa = PBXFileReference; lastKnownFileType = sourcecode.c.h; name = MBOverlaySerializationUtils.h; path = MicroblinkModule/Overlays/MBOverlaySerializationUtils.h; sourceTree = "<group>"; };
		B4AE400382ED2C6A3EBDBABA /* MBRecognizerSerializers.m */ = {isa = PBXFileReference; lastKnownFileType = sourcecode.c.objc; name = MBRecognizerSerializers.m; path = MicroblinkModule/Recognizers/MBRecognizerSerializers.m; sourceTree = "<group>"; };
		B97C4AFB9960FBCDBFFB23E0 /* MBSuccessFrameGrabberRecognizerWrapper.m */ = {isa = PBXFileReference; lastKnownFileType = sourcecode.c.objc; name = MBSuccessFrameGrabberRecognizerWrapper.m; path = MicroblinkModule/Recognizers/Wrappers/MBSuccessFrameGrabberRecognizerWrapper.m; sourceTree = "<group>"; };
		CE4C416695C763744B380ABD /* MBRecognizerSerializers.h */ = {isa = PBXFileReference; lastKnownFileType = sourcecode.c.h; name = MBRecognizerSerializers.h; path = MicroblinkModule/Recognizers/MBRecognizerSerializers.h; sourceTree = "<group>"; };
		DBCB41E7814DED6652493AD1 /* MBMicroblinkModule.m */ = {isa = PBXFileReference; lastKnownFileType = sourcecode.c.objc; name = MBMicroblinkModule.m; path = MicroblinkModule/MBMicroblinkModule.m; sourceTree = "<group>"; };
		DE454FB79A5F10B2287B1D92 /* MBOverlayVCCreator.h */ = {isa = PBXFileReference; lastKnownFileType = sourcecode.c.h; name = MBOverlayVCCreator.h; path = MicroblinkModule/Overlays/MBOverlayVCCreator.h; sourceTree = "<group>"; };
/* End PBXFileReference section */

/* Begin PBXFrameworksBuildPhase section */
		A27CCA281E9E57A500BED675 /* Frameworks */ = {
			isa = PBXFrameworksBuildPhase;
			buildActionMask = 2147483647;
			files = (
				A27CCA441E9E5DAE00BED675 /* CoreMedia.framework in Frameworks */,
				A27CCA431E9E5D9900BED675 /* AudioToolbox.framework in Frameworks */,
				A27CCA421E9E5D9400BED675 /* CoreFoundation.framework in Frameworks */,
				A27CCA401E9E5D8D00BED675 /* Accelerate.framework in Frameworks */,
			);
			runOnlyForDeploymentPostprocessing = 0;
		};
/* End PBXFrameworksBuildPhase section */

/* Begin PBXGroup section */
		032B407AB0A34106B906C2E4 /* MicroblinkModule */ = {
			isa = PBXGroup;
			children = (
				666746C9937B525024E1A1A7 /* MBBlinkCardSerializationUtils.h */,
				8ACA4006ABCF16014C60B67B /* MBCommonSerializationUtils.m */,
				F71E4650A7EB37879E13255A /* Overlays */,
				1C0C4B81A3DB19072DBFD324 /* MBSerializationUtils.m */,
				DBCB41E7814DED6652493AD1 /* MBMicroblinkModule.m */,
				B7DF42F2AE13392D1001E1F8 /* Recognizers */,
				443C4AADA56839A35E355697 /* MBCommonSerializationUtils.h */,
				3BDE4EFD9EEA0FCDB452DE56 /* MBBlinkCardSerializationUtils.m */,
				AE5044FAA008D08EB1930AD6 /* MBMicroblinkModule.h */,
				5F194EE0A2AAFE4F013E5FBF /* MBSerializationUtils.h */,
			);
			name = MicroblinkModule;
			path = MicroblinkModule;
			sourceTree = "<group>";
		};
		57E348BE98C2065225E3CA75 /* Wrappers */ = {
			isa = PBXGroup;
			children = (
				2AF547D99AB25708FD78A51C /* MBLegacyBlinkCardEliteRecognizerWrapper.h */,
				59F3486DA386425EA1F2B06F /* MBSuccessFrameGrabberRecognizerWrapper.h */,
				98FC46BF97B07239765C3639 /* MBBlinkCardRecognizerWrapper.h */,
				5CB5407DBD6BFBC242158647 /* MBLegacyBlinkCardRecognizerWrapper.m */,
				B1B54088973300E04E8E9DB3 /* MBLegacyBlinkCardEliteRecognizerWrapper.m */,
				5E9B424AB13DBF2010EE25A7 /* MBBlinkCardRecognizerWrapper.m */,
				B97C4AFB9960FBCDBFFB23E0 /* MBSuccessFrameGrabberRecognizerWrapper.m */,
				8F374C55816FBC481E648457 /* MBLegacyBlinkCardRecognizerWrapper.h */,
			);
			name = Wrappers;
			path = MicroblinkModule/Recognizers/Wrappers;
			sourceTree = "<group>";
		};
		5B0B4B26BA292DC394800642 /* Serialization */ = {
			isa = PBXGroup;
			children = (
				749448D09325292EBE485EA2 /* MBBlinkCardOverlaySettingsSerialization.h */,
				79634516945B578B97A643FA /* .gitignore */,
				8A704C0880F2F276AF9E93D6 /* MBBlinkCardOverlaySettingsSerialization.m */,
			);
			name = Serialization;
			path = MicroblinkModule/Overlays/Serialization;
			sourceTree = "<group>";
		};
		A27CCA221E9E57A500BED675 = {
			isa = PBXGroup;
			children = (
				A27CCA2C1E9E57A500BED675 /* Products */,
				A27CCA371E9E57C900BED675 /* Frameworks */,
				032B407AB0A34106B906C2E4 /* MicroblinkModule */,
			);
			sourceTree = "<group>";
		};
		A27CCA2C1E9E57A500BED675 /* Products */ = {
			isa = PBXGroup;
			children = (
				A27CCA2B1E9E57A500BED675 /* libMicroblinkModule.a */,
			);
			name = Products;
			sourceTree = "<group>";
		};
		A27CCA371E9E57C900BED675 /* Frameworks */ = {
			isa = PBXGroup;
			children = (
				A27CCA411E9E5D9400BED675 /* CoreFoundation.framework */,
				A27CCA3E1E9E57DA00BED675 /* CoreMedia.framework */,
				A27CCA3C1E9E57D600BED675 /* AVFoundation.framework */,
				A27CCA3A1E9E57CF00BED675 /* Accelerate.framework */,
				A27CCA381E9E57C900BED675 /* AudioToolbox.framework */,
			);
			name = Frameworks;
			sourceTree = "<group>";
		};
		B7DF42F2AE13392D1001E1F8 /* Recognizers */ = {
			isa = PBXGroup;
			children = (
				590F4F1B869398C8E187AA2E /* MBRecognizerWrapper.h */,
				57E348BE98C2065225E3CA75 /* Wrappers */,
				CE4C416695C763744B380ABD /* MBRecognizerSerializers.h */,
				310D4312ADA80279A4B67DC7 /* MBRecognizerWrapper.m */,
				B4AE400382ED2C6A3EBDBABA /* MBRecognizerSerializers.m */,
			);
			name = Recognizers;
			path = MicroblinkModule/Recognizers;
			sourceTree = "<group>";
		};
		F71E4650A7EB37879E13255A /* Overlays */ = {
			isa = PBXGroup;
			children = (
				97E44064887D93911C57319E /* MBOverlaySerializationUtils.m */,
				5B0B4B26BA292DC394800642 /* Serialization */,
				DE454FB79A5F10B2287B1D92 /* MBOverlayVCCreator.h */,
				5FFF4A1EBC47C88BE17340D5 /* MBOverlaySettingsSerializers.m */,
				B1F342CE8BEB7623CFFF687B /* MBOverlaySerializationUtils.h */,
				5C1C47FDBFA422EE9CE5ADD9 /* MBOverlayViewControllerDelegate.h */,
				34774E0081B5D504DA7004B4 /* MBOverlaySettingsSerializers.h */,
			);
			name = Overlays;
			path = MicroblinkModule/Overlays;
			sourceTree = "<group>";
		};
/* End PBXGroup section */

/* Begin PBXHeadersBuildPhase section */
		08D241D1B2E49A69E465C9A5 /* Headers */ = {
			isa = PBXHeadersBuildPhase;
			buildActionMask = 2147483647;
			files = (
				E93041C7A2E845DB5481BACF /* MBBlinkCardSerializationUtils.h in Headers */,
				F69F4932AE33962F8CB82EEC /* MBBlinkCardOverlaySettingsSerialization.h in Headers */,
				841D4E148B452D85EF15F0D7 /* MBOverlayVCCreator.h in Headers */,
				C0F545E58D114F4E4D18E6C4 /* MBOverlaySerializationUtils.h in Headers */,
				D3944014BE69AA9085353470 /* MBOverlayViewControllerDelegate.h in Headers */,
				28F5449BA32F9E8795EA0DC6 /* MBOverlaySettingsSerializers.h in Headers */,
				35174D47B71EB38B46181D3F /* MBRecognizerWrapper.h in Headers */,
				EE7A4D5680829005B4FB1E59 /* MBLegacyBlinkCardEliteRecognizerWrapper.h in Headers */,
				320747D989A767BED79DA6EE /* MBSuccessFrameGrabberRecognizerWrapper.h in Headers */,
				763445AC9F4A8391EC0F4446 /* MBBlinkCardRecognizerWrapper.h in Headers */,
				CC28434BAFE8773F33E08690 /* MBLegacyBlinkCardRecognizerWrapper.h in Headers */,
				F49C46EDBA1BBB43D845F540 /* MBRecognizerSerializers.h in Headers */,
				471E4F928883C978BA56D5CC /* MBCommonSerializationUtils.h in Headers */,
				60A649CAA44653080829A81E /* MBMicroblinkModule.h in Headers */,
				DD6445729F1FAD452EE5F520 /* MBSerializationUtils.h in Headers */,
			);
			runOnlyForDeploymentPostprocessing = 0;
		};
/* End PBXHeadersBuildPhase section */

/* Begin PBXNativeTarget section */
		A27CCA2A1E9E57A500BED675 /* MicroblinkModule */ = {
			isa = PBXNativeTarget;
			buildConfigurationList = A27CCA341E9E57A500BED675 /* Build configuration list for PBXNativeTarget "MicroblinkModule" */;
			buildPhases = (
				A27CCA271E9E57A500BED675 /* Sources */,
				A27CCA281E9E57A500BED675 /* Frameworks */,
				A27CCA291E9E57A500BED675 /* CopyFiles */,
				08D241D1B2E49A69E465C9A5 /* Headers */,
				02CE45759D556F614295B680 /* Resources */,
			);
			buildRules = (
			);
			dependencies = (
			);
			name = MicroblinkModule;
			productName = BlinkIDReactNative;
			productReference = A27CCA2B1E9E57A500BED675 /* libMicroblinkModule.a */;
			productType = "com.apple.product-type.library.static";
		};
/* End PBXNativeTarget section */

/* Begin PBXProject section */
		A27CCA231E9E57A500BED675 /* Project object */ = {
			isa = PBXProject;
			attributes = {
				LastUpgradeCheck = 830;
				ORGANIZATIONNAME = "Jura Skrlec";
				TargetAttributes = {
					A27CCA2A1E9E57A500BED675 = {
						CreatedOnToolsVersion = 8.3.1;
						DevelopmentTeam = CQTJWP89J7;
						ProvisioningStyle = Automatic;
					};
				};
			};
			buildConfigurationList = A27CCA261E9E57A500BED675 /* Build configuration list for PBXProject "MicroblinkModule" */;
			compatibilityVersion = "Xcode 3.2";
			developmentRegion = English;
			hasScannedForEncodings = 0;
			knownRegions = (
				English,
				en,
			);
			mainGroup = A27CCA221E9E57A500BED675;
			productRefGroup = A27CCA2C1E9E57A500BED675 /* Products */;
			projectDirPath = "";
			projectRoot = "";
			targets = (
				A27CCA2A1E9E57A500BED675 /* MicroblinkModule */,
			);
		};
/* End PBXProject section */

/* Begin PBXResourcesBuildPhase section */
		02CE45759D556F614295B680 /* Resources */ = {
			isa = PBXResourcesBuildPhase;
			buildActionMask = 2147483647;
			files = (
				908A4285934738AB8D254E97 /* .gitignore in Resources */,
			);
			runOnlyForDeploymentPostprocessing = 0;
		};
/* End PBXResourcesBuildPhase section */

/* Begin PBXSourcesBuildPhase section */
		A27CCA271E9E57A500BED675 /* Sources */ = {
			isa = PBXSourcesBuildPhase;
			buildActionMask = 2147483647;
			files = (
				417F451F8E98822849CD9B59 /* MBCommonSerializationUtils.m in Sources */,
				FC8940098077D64CFDAA498F /* MBOverlaySerializationUtils.m in Sources */,
				63864DB1949F7FEED1BE6416 /* MBBlinkCardOverlaySettingsSerialization.m in Sources */,
				99134AF68643E321156419F9 /* MBOverlaySettingsSerializers.m in Sources */,
				3EBC4B9B8A13A79BE666D129 /* MBSerializationUtils.m in Sources */,
				02F948F5A459938C96AEE391 /* MBMicroblinkModule.m in Sources */,
				F72244078895325F17BAACD3 /* MBLegacyBlinkCardRecognizerWrapper.m in Sources */,
				2A8647EE80ECA29B3971F267 /* MBLegacyBlinkCardEliteRecognizerWrapper.m in Sources */,
				BF82482BA5CB819792C48B9E /* MBBlinkCardRecognizerWrapper.m in Sources */,
				B7D8473DB80491CBD9F02747 /* MBSuccessFrameGrabberRecognizerWrapper.m in Sources */,
				38214119A76C9C105934D3C1 /* MBRecognizerWrapper.m in Sources */,
				A0704C35B4D03DB9E99770F7 /* MBRecognizerSerializers.m in Sources */,
				45004FC3B6DEE21CA6EC7779 /* MBBlinkCardSerializationUtils.m in Sources */,
			);
			runOnlyForDeploymentPostprocessing = 0;
		};
/* End PBXSourcesBuildPhase section */

/* Begin XCBuildConfiguration section */
		A27CCA321E9E57A500BED675 /* Debug */ = {
			isa = XCBuildConfiguration;
			buildSettings = {
				ALWAYS_SEARCH_USER_PATHS = NO;
				CLANG_ANALYZER_NONNULL = YES;
				CLANG_ANALYZER_NUMBER_OBJECT_CONVERSION = YES_AGGRESSIVE;
				CLANG_CXX_LANGUAGE_STANDARD = "gnu++0x";
				CLANG_CXX_LIBRARY = "libc++";
				CLANG_ENABLE_MODULES = YES;
				CLANG_ENABLE_OBJC_ARC = YES;
				CLANG_WARN_BOOL_CONVERSION = YES;
				CLANG_WARN_CONSTANT_CONVERSION = YES;
				CLANG_WARN_DIRECT_OBJC_ISA_USAGE = YES_ERROR;
				CLANG_WARN_DOCUMENTATION_COMMENTS = YES;
				CLANG_WARN_EMPTY_BODY = YES;
				CLANG_WARN_ENUM_CONVERSION = YES;
				CLANG_WARN_INFINITE_RECURSION = YES;
				CLANG_WARN_INT_CONVERSION = YES;
				CLANG_WARN_OBJC_ROOT_CLASS = YES_ERROR;
				CLANG_WARN_SUSPICIOUS_MOVE = YES;
				CLANG_WARN_UNREACHABLE_CODE = YES;
				CLANG_WARN__DUPLICATE_METHOD_MATCH = YES;
				"CODE_SIGN_IDENTITY[sdk=iphoneos*]" = "iPhone Developer";
				COPY_PHASE_STRIP = NO;
				DEBUG_INFORMATION_FORMAT = dwarf;
				ENABLE_STRICT_OBJC_MSGSEND = YES;
				ENABLE_TESTABILITY = YES;
				FRAMEWORK_SEARCH_PATHS = "/Users/juraskrlec/Documents/projects/blinkid-react-native-custom/blinkid-react-native/BlinkIDReactNative/ios/Pods/PPBlinkID";
				GCC_C_LANGUAGE_STANDARD = gnu99;
				GCC_DYNAMIC_NO_PIC = NO;
				GCC_NO_COMMON_BLOCKS = YES;
				GCC_OPTIMIZATION_LEVEL = 0;
				GCC_PREPROCESSOR_DEFINITIONS = (
					"DEBUG=1",
					"$(inherited)",
				);
				GCC_WARN_64_TO_32_BIT_CONVERSION = YES;
				GCC_WARN_ABOUT_RETURN_TYPE = YES_ERROR;
				GCC_WARN_UNDECLARED_SELECTOR = YES;
				GCC_WARN_UNINITIALIZED_AUTOS = YES_AGGRESSIVE;
				GCC_WARN_UNUSED_FUNCTION = YES;
				GCC_WARN_UNUSED_VARIABLE = YES;
				IPHONEOS_DEPLOYMENT_TARGET = 10.3;
				MTL_ENABLE_DEBUG_INFO = YES;
				ONLY_ACTIVE_ARCH = YES;
				SDKROOT = iphoneos;
			};
			name = Debug;
		};
		A27CCA331E9E57A500BED675 /* Release */ = {
			isa = XCBuildConfiguration;
			buildSettings = {
				ALWAYS_SEARCH_USER_PATHS = NO;
				CLANG_ANALYZER_NONNULL = YES;
				CLANG_ANALYZER_NUMBER_OBJECT_CONVERSION = YES_AGGRESSIVE;
				CLANG_CXX_LANGUAGE_STANDARD = "gnu++0x";
				CLANG_CXX_LIBRARY = "libc++";
				CLANG_ENABLE_MODULES = YES;
				CLANG_ENABLE_OBJC_ARC = YES;
				CLANG_WARN_BOOL_CONVERSION = YES;
				CLANG_WARN_CONSTANT_CONVERSION = YES;
				CLANG_WARN_DIRECT_OBJC_ISA_USAGE = YES_ERROR;
				CLANG_WARN_DOCUMENTATION_COMMENTS = YES;
				CLANG_WARN_EMPTY_BODY = YES;
				CLANG_WARN_ENUM_CONVERSION = YES;
				CLANG_WARN_INFINITE_RECURSION = YES;
				CLANG_WARN_INT_CONVERSION = YES;
				CLANG_WARN_OBJC_ROOT_CLASS = YES_ERROR;
				CLANG_WARN_SUSPICIOUS_MOVE = YES;
				CLANG_WARN_UNREACHABLE_CODE = YES;
				CLANG_WARN__DUPLICATE_METHOD_MATCH = YES;
				"CODE_SIGN_IDENTITY[sdk=iphoneos*]" = "iPhone Developer";
				COPY_PHASE_STRIP = NO;
				DEBUG_INFORMATION_FORMAT = "dwarf-with-dsym";
				ENABLE_NS_ASSERTIONS = NO;
				ENABLE_STRICT_OBJC_MSGSEND = YES;
				FRAMEWORK_SEARCH_PATHS = "/Users/juraskrlec/Documents/projects/blinkid-react-native-custom/blinkid-react-native/BlinkIDReactNative/ios/Pods/PPBlinkID";
				GCC_C_LANGUAGE_STANDARD = gnu99;
				GCC_NO_COMMON_BLOCKS = YES;
				GCC_WARN_64_TO_32_BIT_CONVERSION = YES;
				GCC_WARN_ABOUT_RETURN_TYPE = YES_ERROR;
				GCC_WARN_UNDECLARED_SELECTOR = YES;
				GCC_WARN_UNINITIALIZED_AUTOS = YES_AGGRESSIVE;
				GCC_WARN_UNUSED_FUNCTION = YES;
				GCC_WARN_UNUSED_VARIABLE = YES;
				IPHONEOS_DEPLOYMENT_TARGET = 10.3;
				MTL_ENABLE_DEBUG_INFO = NO;
				SDKROOT = iphoneos;
				VALIDATE_PRODUCT = YES;
			};
			name = Release;
		};
		A27CCA351E9E57A500BED675 /* Debug */ = {
			isa = XCBuildConfiguration;
			buildSettings = {
				DEVELOPMENT_TEAM = CQTJWP89J7;
				FRAMEWORK_SEARCH_PATHS = (
					"$(inherited)",
					"$(PODS_ROOT)/PPBlinkID",
					"$(SRCROOT)/../../../../../ios/**",
					"$(PROJECT_DIR)",
				);
				HEADER_SEARCH_PATHS = (
					"$(SRCROOT)/../../node_modules/react-native/React",
					"$(SRCROOT)/../../node_modules/react-native/ReactCommon",
					"${PODS_ROOT}/Headers/Public/React",
					"${PODS_ROOT}/Headers/Public/yoga",
					"${PODS_ROOT}/Headers/Public",
				);
				IPHONEOS_DEPLOYMENT_TARGET = 8.0;
				LIBRARY_SEARCH_PATHS = (
					"$(SRCROOT)/MicroblinkModule",
					"$(SRCROOT)/MicroblinkModule/Overlays",
					"$(SRCROOT)/MicroblinkModule/Overlays/Serialization",
					"$(SRCROOT)/MicroblinkModule/Recognizers",
					"$(SRCROOT)/MicroblinkModule/Recognizers/Wrappers",
				);
				OTHER_LDFLAGS = (
					"-ObjC",
					"-liconv",
					"-lc++",
					"-lz",
				);
				PODS_ROOT = "${SRCROOT}/../../../../../ios/Pods";
				PRODUCT_NAME = "$(TARGET_NAME)";
				SKIP_INSTALL = YES;
			};
			name = Debug;
		};
		A27CCA361E9E57A500BED675 /* Release */ = {
			isa = XCBuildConfiguration;
			buildSettings = {
				DEVELOPMENT_TEAM = CQTJWP89J7;
				FRAMEWORK_SEARCH_PATHS = (
					"$(inherited)",
					"$(PODS_ROOT)/PPBlinkID",
					"$(SRCROOT)/../../../../../ios/**",
					"$(PROJECT_DIR)",
				);
				HEADER_SEARCH_PATHS = (
					"$(SRCROOT)/../../node_modules/react-native/React",
					"$(SRCROOT)/../../node_modules/react-native/ReactCommon",
					"${PODS_ROOT}/Headers/Public/React",
					"${PODS_ROOT}/Headers/Public/yoga",
					"${PODS_ROOT}/Headers/Public",
				);
				IPHONEOS_DEPLOYMENT_TARGET = 8.0;
				LIBRARY_SEARCH_PATHS = (
					"$(SRCROOT)/MicroblinkModule",
					"$(SRCROOT)/MicroblinkModule/Overlays",
					"$(SRCROOT)/MicroblinkModule/Overlays/Serialization",
					"$(SRCROOT)/MicroblinkModule/Recognizers",
					"$(SRCROOT)/MicroblinkModule/Recognizers/Wrappers",
				);
				OTHER_LDFLAGS = (
					"-ObjC",
					"-liconv",
					"-lc++",
					"-lz",
				);
				PODS_ROOT = "${SRCROOT}/../../../../../ios/Pods";
				PRODUCT_NAME = "$(TARGET_NAME)";
				SKIP_INSTALL = YES;
			};
			name = Release;
		};
/* End XCBuildConfiguration section */

/* Begin XCConfigurationList section */
		A27CCA261E9E57A500BED675 /* Build configuration list for PBXProject "MicroblinkModule" */ = {
			isa = XCConfigurationList;
			buildConfigurations = (
				A27CCA321E9E57A500BED675 /* Debug */,
				A27CCA331E9E57A500BED675 /* Release */,
			);
			defaultConfigurationIsVisible = 0;
			defaultConfigurationName = Release;
		};
		A27CCA341E9E57A500BED675 /* Build configuration list for PBXNativeTarget "MicroblinkModule" */ = {
			isa = XCConfigurationList;
			buildConfigurations = (
				A27CCA351E9E57A500BED675 /* Debug */,
				A27CCA361E9E57A500BED675 /* Release */,
			);
			defaultConfigurationIsVisible = 0;
			defaultConfigurationName = Release;
		};
/* End XCConfigurationList section */
	};
	rootObject = A27CCA231E9E57A500BED675 /* Project object */;
}

