// !$*UTF8*$!
{
	archiveVersion = 1;
	classes = {
	};
	objectVersion = 46;
	objects = {

/* Begin PBXBuildFile section */
		209C4C0BAD5009EB028F696D /* MBRecognizerSerializers.m in Sources */ = {isa = PBXBuildFile; fileRef = 913D45C594C401A3E182B0A3 /* MBRecognizerSerializers.m */; };
		290F4F0F92A6B7E12701813C /* MBBlinkCardRecognizerWrapper.m in Sources */ = {isa = PBXBuildFile; fileRef = EF6642BAAC21BDAED53ED69C /* MBBlinkCardRecognizerWrapper.m */; };
		2B9D498683F4F2920ED47AE5 /* MBCommonSerializationUtils.m in Sources */ = {isa = PBXBuildFile; fileRef = AAB9491796C47A6ACC95EBBD /* MBCommonSerializationUtils.m */; };
		434C46838851C2B5EEEC511E /* MBOverlayVCCreator.h in Headers */ = {isa = PBXBuildFile; fileRef = 2A084B5DB3E8BF836270DB91 /* MBOverlayVCCreator.h */; };
		4D4C419CBD15B19AD2362785 /* MBBlinkCardOverlaySettingsSerialization.h in Headers */ = {isa = PBXBuildFile; fileRef = BE74413F94DFAEF96A5AE169 /* MBBlinkCardOverlaySettingsSerialization.h */; };
		525B4C84BBE911B8AB7DD684 /* MBOverlaySettingsSerializers.m in Sources */ = {isa = PBXBuildFile; fileRef = 674D4EE0B222AB46CA095883 /* MBOverlaySettingsSerializers.m */; };
		547F4C7F8EB6BDDE94A3C3C4 /* MBOverlaySettingsSerializers.h in Headers */ = {isa = PBXBuildFile; fileRef = 6FF94A07B81185785CA69F29 /* MBOverlaySettingsSerializers.h */; };
		585D4C3F92E86A7F54DC2EE7 /* MBSerializationUtils.h in Headers */ = {isa = PBXBuildFile; fileRef = FFC54F519CAB003C6C4077BF /* MBSerializationUtils.h */; };
		7C5D45E4A4FA3339993CA6D2 /* MBOverlaySerializationUtils.m in Sources */ = {isa = PBXBuildFile; fileRef = 64604A799DF04453C184789C /* MBOverlaySerializationUtils.m */; };
		8C074D5D91490557D89A0459 /* MBBlinkCardModule.h in Headers */ = {isa = PBXBuildFile; fileRef = C41D4B929ED0F5EC0739EB9F /* MBBlinkCardModule.h */; };
		A27CCA401E9E5D8D00BED675 /* Accelerate.framework in Frameworks */ = {isa = PBXBuildFile; fileRef = A27CCA3A1E9E57CF00BED675 /* Accelerate.framework */; };
		A27CCA421E9E5D9400BED675 /* CoreFoundation.framework in Frameworks */ = {isa = PBXBuildFile; fileRef = A27CCA411E9E5D9400BED675 /* CoreFoundation.framework */; };
		A27CCA431E9E5D9900BED675 /* AudioToolbox.framework in Frameworks */ = {isa = PBXBuildFile; fileRef = A27CCA381E9E57C900BED675 /* AudioToolbox.framework */; };
		A27CCA441E9E5DAE00BED675 /* CoreMedia.framework in Frameworks */ = {isa = PBXBuildFile; fileRef = A27CCA3E1E9E57DA00BED675 /* CoreMedia.framework */; };
		A4284931BD403F6B5D375FCD /* MBOverlayViewControllerDelegate.h in Headers */ = {isa = PBXBuildFile; fileRef = 144C468E9E2727FA976A6A07 /* MBOverlayViewControllerDelegate.h */; };
		A6D646748E5200DEA128B989 /* MBBlinkCardModule.m in Sources */ = {isa = PBXBuildFile; fileRef = 40BD4738A085C1CAA788C347 /* MBBlinkCardModule.m */; };
		ADD84177A3CF4A613899A0A8 /* MBBlinkCardRecognizerWrapper.h in Headers */ = {isa = PBXBuildFile; fileRef = 99A043EFB8E3ED6FDF9FA437 /* MBBlinkCardRecognizerWrapper.h */; };
		B231478083E2E0E373DDEF02 /* MBOverlaySerializationUtils.h in Headers */ = {isa = PBXBuildFile; fileRef = 28424536A733EBC13007FCF4 /* MBOverlaySerializationUtils.h */; };
		B6234735AF534AE63E95AE15 /* MBBlinkCardOverlaySettingsSerialization.m in Sources */ = {isa = PBXBuildFile; fileRef = D415429BB2C54D4D11B7C4B5 /* MBBlinkCardOverlaySettingsSerialization.m */; };
		C507480F910002FE21E8524A /* MBSerializationUtils.m in Sources */ = {isa = PBXBuildFile; fileRef = A0984CB4B2A1C5EB5341FB98 /* MBSerializationUtils.m */; };
		C643465E88C8D19EA0767717 /* MBBlinkCardSerializationUtils.h in Headers */ = {isa = PBXBuildFile; fileRef = 62C448D7A3CD648C698206DE /* MBBlinkCardSerializationUtils.h */; };
		C9B1446C9AA0EFE31010690B /* MBRecognizerWrapper.m in Sources */ = {isa = PBXBuildFile; fileRef = 11534E2DB4A81233E1169E10 /* MBRecognizerWrapper.m */; };
		DF4A4B9585CDDA57DBC260E6 /* MBCommonSerializationUtils.h in Headers */ = {isa = PBXBuildFile; fileRef = 33C34120AE72F23448191491 /* MBCommonSerializationUtils.h */; };
		E1F548268B365E90412D7784 /* MBRecognizerWrapper.h in Headers */ = {isa = PBXBuildFile; fileRef = BC644503B6A72028D1DA2CB2 /* MBRecognizerWrapper.h */; };
		E206409DAC1AE27723E2A6A9 /* MBSuccessFrameGrabberRecognizerWrapper.h in Headers */ = {isa = PBXBuildFile; fileRef = B1DC490E92F448D8F4FB0270 /* MBSuccessFrameGrabberRecognizerWrapper.h */; };
		E5704D13AD9EA5014B6B1DA9 /* MBBlinkCardSerializationUtils.m in Sources */ = {isa = PBXBuildFile; fileRef = 482B472495A164D2D94B12FA /* MBBlinkCardSerializationUtils.m */; };
		F6BB4FFE86B5CD987A672BB7 /* MBRecognizerSerializers.h in Headers */ = {isa = PBXBuildFile; fileRef = 6C874D929A64995823022D2F /* MBRecognizerSerializers.h */; };
		FF6C42479E4F5ED076469566 /* MBSuccessFrameGrabberRecognizerWrapper.m in Sources */ = {isa = PBXBuildFile; fileRef = 5F064951BE1BA0F7E385FD0F /* MBSuccessFrameGrabberRecognizerWrapper.m */; };
/* End PBXBuildFile section */

/* Begin PBXCopyFilesBuildPhase section */
		A27CCA291E9E57A500BED675 /* CopyFiles */ = {
			isa = PBXCopyFilesBuildPhase;
			buildActionMask = 2147483647;
			dstPath = "include/$(PRODUCT_NAME)";
			dstSubfolderSpec = 16;
			files = (
			);
			runOnlyForDeploymentPostprocessing = 0;
		};
/* End PBXCopyFilesBuildPhase section */

/* Begin PBXFileReference section */
		11534E2DB4A81233E1169E10 /* MBRecognizerWrapper.m */ = {isa = PBXFileReference; lastKnownFileType = sourcecode.c.objc; name = MBRecognizerWrapper.m; path = MicroblinkModule/Recognizers/MBRecognizerWrapper.m; sourceTree = "<group>"; };
		144C468E9E2727FA976A6A07 /* MBOverlayViewControllerDelegate.h */ = {isa = PBXFileReference; lastKnownFileType = sourcecode.c.h; name = MBOverlayViewControllerDelegate.h; path = MicroblinkModule/Overlays/MBOverlayViewControllerDelegate.h; sourceTree = "<group>"; };
		28424536A733EBC13007FCF4 /* MBOverlaySerializationUtils.h */ = {isa = PBXFileReference; lastKnownFileType = sourcecode.c.h; name = MBOverlaySerializationUtils.h; path = MicroblinkModule/Overlays/MBOverlaySerializationUtils.h; sourceTree = "<group>"; };
		2A084B5DB3E8BF836270DB91 /* MBOverlayVCCreator.h */ = {isa = PBXFileReference; lastKnownFileType = sourcecode.c.h; name = MBOverlayVCCreator.h; path = MicroblinkModule/Overlays/MBOverlayVCCreator.h; sourceTree = "<group>"; };
		33C34120AE72F23448191491 /* MBCommonSerializationUtils.h */ = {isa = PBXFileReference; lastKnownFileType = sourcecode.c.h; name = MBCommonSerializationUtils.h; path = MicroblinkModule/MBCommonSerializationUtils.h; sourceTree = "<group>"; };
		40BD4738A085C1CAA788C347 /* MBBlinkCardModule.m */ = {isa = PBXFileReference; lastKnownFileType = sourcecode.c.objc; name = MBBlinkCardModule.m; path = MicroblinkModule/MBBlinkCardModule.m; sourceTree = "<group>"; };
		482B472495A164D2D94B12FA /* MBBlinkCardSerializationUtils.m */ = {isa = PBXFileReference; lastKnownFileType = sourcecode.c.objc; name = MBBlinkCardSerializationUtils.m; path = MicroblinkModule/MBBlinkCardSerializationUtils.m; sourceTree = "<group>"; };
		5F064951BE1BA0F7E385FD0F /* MBSuccessFrameGrabberRecognizerWrapper.m */ = {isa = PBXFileReference; lastKnownFileType = sourcecode.c.objc; name = MBSuccessFrameGrabberRecognizerWrapper.m; path = MicroblinkModule/Recognizers/Wrappers/MBSuccessFrameGrabberRecognizerWrapper.m; sourceTree = "<group>"; };
		62C448D7A3CD648C698206DE /* MBBlinkCardSerializationUtils.h */ = {isa = PBXFileReference; lastKnownFileType = sourcecode.c.h; name = MBBlinkCardSerializationUtils.h; path = MicroblinkModule/MBBlinkCardSerializationUtils.h; sourceTree = "<group>"; };
		64604A799DF04453C184789C /* MBOverlaySerializationUtils.m */ = {isa = PBXFileReference; lastKnownFileType = sourcecode.c.objc; name = MBOverlaySerializationUtils.m; path = MicroblinkModule/Overlays/MBOverlaySerializationUtils.m; sourceTree = "<group>"; };
		674D4EE0B222AB46CA095883 /* MBOverlaySettingsSerializers.m */ = {isa = PBXFileReference; lastKnownFileType = sourcecode.c.objc; name = MBOverlaySettingsSerializers.m; path = MicroblinkModule/Overlays/MBOverlaySettingsSerializers.m; sourceTree = "<group>"; };
		6C874D929A64995823022D2F /* MBRecognizerSerializers.h */ = {isa = PBXFileReference; lastKnownFileType = sourcecode.c.h; name = MBRecognizerSerializers.h; path = MicroblinkModule/Recognizers/MBRecognizerSerializers.h; sourceTree = "<group>"; };
		6FF94A07B81185785CA69F29 /* MBOverlaySettingsSerializers.h */ = {isa = PBXFileReference; lastKnownFileType = sourcecode.c.h; name = MBOverlaySettingsSerializers.h; path = MicroblinkModule/Overlays/MBOverlaySettingsSerializers.h; sourceTree = "<group>"; };
		913D45C594C401A3E182B0A3 /* MBRecognizerSerializers.m */ = {isa = PBXFileReference; lastKnownFileType = sourcecode.c.objc; name = MBRecognizerSerializers.m; path = MicroblinkModule/Recognizers/MBRecognizerSerializers.m; sourceTree = "<group>"; };
		99A043EFB8E3ED6FDF9FA437 /* MBBlinkCardRecognizerWrapper.h */ = {isa = PBXFileReference; lastKnownFileType = sourcecode.c.h; name = MBBlinkCardRecognizerWrapper.h; path = MicroblinkModule/Recognizers/Wrappers/MBBlinkCardRecognizerWrapper.h; sourceTree = "<group>"; };
		A0984CB4B2A1C5EB5341FB98 /* MBSerializationUtils.m */ = {isa = PBXFileReference; lastKnownFileType = sourcecode.c.objc; name = MBSerializationUtils.m; path = MicroblinkModule/MBSerializationUtils.m; sourceTree = "<group>"; };
		A27CCA2B1E9E57A500BED675 /* libMicroblinkModule.a */ = {isa = PBXFileReference; explicitFileType = archive.ar; includeInIndex = 0; path = libMicroblinkModule.a; sourceTree = BUILT_PRODUCTS_DIR; };
		A27CCA381E9E57C900BED675 /* AudioToolbox.framework */ = {isa = PBXFileReference; lastKnownFileType = wrapper.framework; name = AudioToolbox.framework; path = System/Library/Frameworks/AudioToolbox.framework; sourceTree = SDKROOT; };
		A27CCA3A1E9E57CF00BED675 /* Accelerate.framework */ = {isa = PBXFileReference; lastKnownFileType = wrapper.framework; name = Accelerate.framework; path = System/Library/Frameworks/Accelerate.framework; sourceTree = SDKROOT; };
		A27CCA3C1E9E57D600BED675 /* AVFoundation.framework */ = {isa = PBXFileReference; lastKnownFileType = wrapper.framework; name = AVFoundation.framework; path = System/Library/Frameworks/AVFoundation.framework; sourceTree = SDKROOT; };
		A27CCA3E1E9E57DA00BED675 /* CoreMedia.framework */ = {isa = PBXFileReference; lastKnownFileType = wrapper.framework; name = CoreMedia.framework; path = System/Library/Frameworks/CoreMedia.framework; sourceTree = SDKROOT; };
		A27CCA411E9E5D9400BED675 /* CoreFoundation.framework */ = {isa = PBXFileReference; lastKnownFileType = wrapper.framework; name = CoreFoundation.framework; path = System/Library/Frameworks/CoreFoundation.framework; sourceTree = SDKROOT; };
		AAB9491796C47A6ACC95EBBD /* MBCommonSerializationUtils.m */ = {isa = PBXFileReference; lastKnownFileType = sourcecode.c.objc; name = MBCommonSerializationUtils.m; path = MicroblinkModule/MBCommonSerializationUtils.m; sourceTree = "<group>"; };
		B1DC490E92F448D8F4FB0270 /* MBSuccessFrameGrabberRecognizerWrapper.h */ = {isa = PBXFileReference; lastKnownFileType = sourcecode.c.h; name = MBSuccessFrameGrabberRecognizerWrapper.h; path = MicroblinkModule/Recognizers/Wrappers/MBSuccessFrameGrabberRecognizerWrapper.h; sourceTree = "<group>"; };
		BC644503B6A72028D1DA2CB2 /* MBRecognizerWrapper.h */ = {isa = PBXFileReference; lastKnownFileType = sourcecode.c.h; name = MBRecognizerWrapper.h; path = MicroblinkModule/Recognizers/MBRecognizerWrapper.h; sourceTree = "<group>"; };
		BE74413F94DFAEF96A5AE169 /* MBBlinkCardOverlaySettingsSerialization.h */ = {isa = PBXFileReference; lastKnownFileType = sourcecode.c.h; name = MBBlinkCardOverlaySettingsSerialization.h; path = MicroblinkModule/Overlays/Serialization/MBBlinkCardOverlaySettingsSerialization.h; sourceTree = "<group>"; };
		C41D4B929ED0F5EC0739EB9F /* MBBlinkCardModule.h */ = {isa = PBXFileReference; lastKnownFileType = sourcecode.c.h; name = MBBlinkCardModule.h; path = MicroblinkModule/MBBlinkCardModule.h; sourceTree = "<group>"; };
		D415429BB2C54D4D11B7C4B5 /* MBBlinkCardOverlaySettingsSerialization.m */ = {isa = PBXFileReference; lastKnownFileType = sourcecode.c.objc; name = MBBlinkCardOverlaySettingsSerialization.m; path = MicroblinkModule/Overlays/Serialization/MBBlinkCardOverlaySettingsSerialization.m; sourceTree = "<group>"; };
		EF6642BAAC21BDAED53ED69C /* MBBlinkCardRecognizerWrapper.m */ = {isa = PBXFileReference; lastKnownFileType = sourcecode.c.objc; name = MBBlinkCardRecognizerWrapper.m; path = MicroblinkModule/Recognizers/Wrappers/MBBlinkCardRecognizerWrapper.m; sourceTree = "<group>"; };
		FFC54F519CAB003C6C4077BF /* MBSerializationUtils.h */ = {isa = PBXFileReference; lastKnownFileType = sourcecode.c.h; name = MBSerializationUtils.h; path = MicroblinkModule/MBSerializationUtils.h; sourceTree = "<group>"; };
/* End PBXFileReference section */

/* Begin PBXFrameworksBuildPhase section */
		A27CCA281E9E57A500BED675 /* Frameworks */ = {
			isa = PBXFrameworksBuildPhase;
			buildActionMask = 2147483647;
			files = (
				A27CCA441E9E5DAE00BED675 /* CoreMedia.framework in Frameworks */,
				A27CCA431E9E5D9900BED675 /* AudioToolbox.framework in Frameworks */,
				A27CCA421E9E5D9400BED675 /* CoreFoundation.framework in Frameworks */,
				A27CCA401E9E5D8D00BED675 /* Accelerate.framework in Frameworks */,
			);
			runOnlyForDeploymentPostprocessing = 0;
		};
/* End PBXFrameworksBuildPhase section */

/* Begin PBXGroup section */
		1E2D4080B3F31D8FCD673F42 /* MicroblinkModule */ = {
			isa = PBXGroup;
			children = (
				40BD4738A085C1CAA788C347 /* MBBlinkCardModule.m */,
				62C448D7A3CD648C698206DE /* MBBlinkCardSerializationUtils.h */,
				AAB9491796C47A6ACC95EBBD /* MBCommonSerializationUtils.m */,
				622E49BAB61916BE8FE2DA53 /* Overlays */,
				A0984CB4B2A1C5EB5341FB98 /* MBSerializationUtils.m */,
				C41D4B929ED0F5EC0739EB9F /* MBBlinkCardModule.h */,
				A0DC4BF699FC14A9E91BE3A5 /* Recognizers */,
				33C34120AE72F23448191491 /* MBCommonSerializationUtils.h */,
				482B472495A164D2D94B12FA /* MBBlinkCardSerializationUtils.m */,
				FFC54F519CAB003C6C4077BF /* MBSerializationUtils.h */,
			);
			name = MicroblinkModule;
			path = MicroblinkModule;
			sourceTree = "<group>";
		};
		44E3484CBC049FD2D2BDD065 /* Serialization */ = {
			isa = PBXGroup;
			children = (
				BE74413F94DFAEF96A5AE169 /* MBBlinkCardOverlaySettingsSerialization.h */,
				D415429BB2C54D4D11B7C4B5 /* MBBlinkCardOverlaySettingsSerialization.m */,
			);
			name = Serialization;
			path = MicroblinkModule/Overlays/Serialization;
			sourceTree = "<group>";
		};
		622E49BAB61916BE8FE2DA53 /* Overlays */ = {
			isa = PBXGroup;
			children = (
				64604A799DF04453C184789C /* MBOverlaySerializationUtils.m */,
				44E3484CBC049FD2D2BDD065 /* Serialization */,
				2A084B5DB3E8BF836270DB91 /* MBOverlayVCCreator.h */,
				674D4EE0B222AB46CA095883 /* MBOverlaySettingsSerializers.m */,
				28424536A733EBC13007FCF4 /* MBOverlaySerializationUtils.h */,
				144C468E9E2727FA976A6A07 /* MBOverlayViewControllerDelegate.h */,
				6FF94A07B81185785CA69F29 /* MBOverlaySettingsSerializers.h */,
			);
			name = Overlays;
			path = MicroblinkModule/Overlays;
			sourceTree = "<group>";
		};
		A0DC4BF699FC14A9E91BE3A5 /* Recognizers */ = {
			isa = PBXGroup;
			children = (
				BC644503B6A72028D1DA2CB2 /* MBRecognizerWrapper.h */,
				DD284A688F99BC949F769142 /* Wrappers */,
				6C874D929A64995823022D2F /* MBRecognizerSerializers.h */,
				11534E2DB4A81233E1169E10 /* MBRecognizerWrapper.m */,
				913D45C594C401A3E182B0A3 /* MBRecognizerSerializers.m */,
			);
			name = Recognizers;
			path = MicroblinkModule/Recognizers;
			sourceTree = "<group>";
		};
		A27CCA221E9E57A500BED675 = {
			isa = PBXGroup;
			children = (
				A27CCA2C1E9E57A500BED675 /* Products */,
				A27CCA371E9E57C900BED675 /* Frameworks */,
				1E2D4080B3F31D8FCD673F42 /* MicroblinkModule */,
			);
			sourceTree = "<group>";
		};
		A27CCA2C1E9E57A500BED675 /* Products */ = {
			isa = PBXGroup;
			children = (
				A27CCA2B1E9E57A500BED675 /* libMicroblinkModule.a */,
			);
			name = Products;
			sourceTree = "<group>";
		};
		A27CCA371E9E57C900BED675 /* Frameworks */ = {
			isa = PBXGroup;
			children = (
				A27CCA411E9E5D9400BED675 /* CoreFoundation.framework */,
				A27CCA3E1E9E57DA00BED675 /* CoreMedia.framework */,
				A27CCA3C1E9E57D600BED675 /* AVFoundation.framework */,
				A27CCA3A1E9E57CF00BED675 /* Accelerate.framework */,
				A27CCA381E9E57C900BED675 /* AudioToolbox.framework */,
			);
			name = Frameworks;
			sourceTree = "<group>";
		};
		DD284A688F99BC949F769142 /* Wrappers */ = {
			isa = PBXGroup;
			children = (
				B1DC490E92F448D8F4FB0270 /* MBSuccessFrameGrabberRecognizerWrapper.h */,
				99A043EFB8E3ED6FDF9FA437 /* MBBlinkCardRecognizerWrapper.h */,
				EF6642BAAC21BDAED53ED69C /* MBBlinkCardRecognizerWrapper.m */,
				5F064951BE1BA0F7E385FD0F /* MBSuccessFrameGrabberRecognizerWrapper.m */,
			);
			name = Wrappers;
			path = MicroblinkModule/Recognizers/Wrappers;
			sourceTree = "<group>";
		};
/* End PBXGroup section */

/* Begin PBXHeadersBuildPhase section */
		BBF7432CA473C69294EBC01F /* Headers */ = {
			isa = PBXHeadersBuildPhase;
			buildActionMask = 2147483647;
			files = (
				C643465E88C8D19EA0767717 /* MBBlinkCardSerializationUtils.h in Headers */,
				4D4C419CBD15B19AD2362785 /* MBBlinkCardOverlaySettingsSerialization.h in Headers */,
				434C46838851C2B5EEEC511E /* MBOverlayVCCreator.h in Headers */,
				B231478083E2E0E373DDEF02 /* MBOverlaySerializationUtils.h in Headers */,
				A4284931BD403F6B5D375FCD /* MBOverlayViewControllerDelegate.h in Headers */,
				547F4C7F8EB6BDDE94A3C3C4 /* MBOverlaySettingsSerializers.h in Headers */,
				8C074D5D91490557D89A0459 /* MBBlinkCardModule.h in Headers */,
				E1F548268B365E90412D7784 /* MBRecognizerWrapper.h in Headers */,
				E206409DAC1AE27723E2A6A9 /* MBSuccessFrameGrabberRecognizerWrapper.h in Headers */,
				ADD84177A3CF4A613899A0A8 /* MBBlinkCardRecognizerWrapper.h in Headers */,
				F6BB4FFE86B5CD987A672BB7 /* MBRecognizerSerializers.h in Headers */,
				DF4A4B9585CDDA57DBC260E6 /* MBCommonSerializationUtils.h in Headers */,
				585D4C3F92E86A7F54DC2EE7 /* MBSerializationUtils.h in Headers */,
			);
			runOnlyForDeploymentPostprocessing = 0;
		};
/* End PBXHeadersBuildPhase section */

/* Begin PBXNativeTarget section */
		A27CCA2A1E9E57A500BED675 /* MicroblinkModule */ = {
			isa = PBXNativeTarget;
			buildConfigurationList = A27CCA341E9E57A500BED675 /* Build configuration list for PBXNativeTarget "MicroblinkModule" */;
			buildPhases = (
				A27CCA271E9E57A500BED675 /* Sources */,
				A27CCA281E9E57A500BED675 /* Frameworks */,
				A27CCA291E9E57A500BED675 /* CopyFiles */,
				BBF7432CA473C69294EBC01F /* Headers */,
			);
			buildRules = (
			);
			dependencies = (
			);
			name = MicroblinkModule;
			productName = BlinkIDReactNative;
			productReference = A27CCA2B1E9E57A500BED675 /* libMicroblinkModule.a */;
			productType = "com.apple.product-type.library.static";
		};
/* End PBXNativeTarget section */

/* Begin PBXProject section */
		A27CCA231E9E57A500BED675 /* Project object */ = {
			isa = PBXProject;
			attributes = {
				LastUpgradeCheck = 830;
				ORGANIZATIONNAME = "Jura Skrlec";
				TargetAttributes = {
					A27CCA2A1E9E57A500BED675 = {
						CreatedOnToolsVersion = 8.3.1;
						DevelopmentTeam = CQTJWP89J7;
						ProvisioningStyle = Automatic;
					};
				};
			};
			buildConfigurationList = A27CCA261E9E57A500BED675 /* Build configuration list for PBXProject "MicroblinkModule" */;
			compatibilityVersion = "Xcode 3.2";
			developmentRegion = English;
			hasScannedForEncodings = 0;
			knownRegions = (
				English,
				en,
			);
			mainGroup = A27CCA221E9E57A500BED675;
			productRefGroup = A27CCA2C1E9E57A500BED675 /* Products */;
			projectDirPath = "";
			projectRoot = "";
			targets = (
				A27CCA2A1E9E57A500BED675 /* MicroblinkModule */,
			);
		};
/* End PBXProject section */

/* Begin PBXSourcesBuildPhase section */
		A27CCA271E9E57A500BED675 /* Sources */ = {
			isa = PBXSourcesBuildPhase;
			buildActionMask = 2147483647;
			files = (
				A6D646748E5200DEA128B989 /* MBBlinkCardModule.m in Sources */,
				2B9D498683F4F2920ED47AE5 /* MBCommonSerializationUtils.m in Sources */,
				7C5D45E4A4FA3339993CA6D2 /* MBOverlaySerializationUtils.m in Sources */,
				B6234735AF534AE63E95AE15 /* MBBlinkCardOverlaySettingsSerialization.m in Sources */,
				525B4C84BBE911B8AB7DD684 /* MBOverlaySettingsSerializers.m in Sources */,
				C507480F910002FE21E8524A /* MBSerializationUtils.m in Sources */,
				290F4F0F92A6B7E12701813C /* MBBlinkCardRecognizerWrapper.m in Sources */,
				FF6C42479E4F5ED076469566 /* MBSuccessFrameGrabberRecognizerWrapper.m in Sources */,
				C9B1446C9AA0EFE31010690B /* MBRecognizerWrapper.m in Sources */,
				209C4C0BAD5009EB028F696D /* MBRecognizerSerializers.m in Sources */,
				E5704D13AD9EA5014B6B1DA9 /* MBBlinkCardSerializationUtils.m in Sources */,
			);
			runOnlyForDeploymentPostprocessing = 0;
		};
/* End PBXSourcesBuildPhase section */

/* Begin XCBuildConfiguration section */
		A27CCA321E9E57A500BED675 /* Debug */ = {
			isa = XCBuildConfiguration;
			buildSettings = {
				ALWAYS_SEARCH_USER_PATHS = NO;
				CLANG_ANALYZER_NONNULL = YES;
				CLANG_ANALYZER_NUMBER_OBJECT_CONVERSION = YES_AGGRESSIVE;
				CLANG_CXX_LANGUAGE_STANDARD = "gnu++0x";
				CLANG_CXX_LIBRARY = "libc++";
				CLANG_ENABLE_MODULES = YES;
				CLANG_ENABLE_OBJC_ARC = YES;
				CLANG_WARN_BOOL_CONVERSION = YES;
				CLANG_WARN_CONSTANT_CONVERSION = YES;
				CLANG_WARN_DIRECT_OBJC_ISA_USAGE = YES_ERROR;
				CLANG_WARN_DOCUMENTATION_COMMENTS = YES;
				CLANG_WARN_EMPTY_BODY = YES;
				CLANG_WARN_ENUM_CONVERSION = YES;
				CLANG_WARN_INFINITE_RECURSION = YES;
				CLANG_WARN_INT_CONVERSION = YES;
				CLANG_WARN_OBJC_ROOT_CLASS = YES_ERROR;
				CLANG_WARN_SUSPICIOUS_MOVE = YES;
				CLANG_WARN_UNREACHABLE_CODE = YES;
				CLANG_WARN__DUPLICATE_METHOD_MATCH = YES;
				"CODE_SIGN_IDENTITY[sdk=iphoneos*]" = "iPhone Developer";
				COPY_PHASE_STRIP = NO;
				DEBUG_INFORMATION_FORMAT = dwarf;
				ENABLE_STRICT_OBJC_MSGSEND = YES;
				ENABLE_TESTABILITY = YES;
				FRAMEWORK_SEARCH_PATHS = "/Users/juraskrlec/Documents/projects/blinkid-react-native-custom/blinkid-react-native/BlinkIDReactNative/ios/Pods/PPBlinkID";
				GCC_C_LANGUAGE_STANDARD = gnu99;
				GCC_DYNAMIC_NO_PIC = NO;
				GCC_NO_COMMON_BLOCKS = YES;
				GCC_OPTIMIZATION_LEVEL = 0;
				GCC_PREPROCESSOR_DEFINITIONS = (
					"DEBUG=1",
					"$(inherited)",
				);
				GCC_WARN_64_TO_32_BIT_CONVERSION = YES;
				GCC_WARN_ABOUT_RETURN_TYPE = YES_ERROR;
				GCC_WARN_UNDECLARED_SELECTOR = YES;
				GCC_WARN_UNINITIALIZED_AUTOS = YES_AGGRESSIVE;
				GCC_WARN_UNUSED_FUNCTION = YES;
				GCC_WARN_UNUSED_VARIABLE = YES;
				IPHONEOS_DEPLOYMENT_TARGET = 13.0;
				MTL_ENABLE_DEBUG_INFO = YES;
				ONLY_ACTIVE_ARCH = YES;
				SDKROOT = iphoneos;
			};
			name = Debug;
		};
		A27CCA331E9E57A500BED675 /* Release */ = {
			isa = XCBuildConfiguration;
			buildSettings = {
				ALWAYS_SEARCH_USER_PATHS = NO;
				CLANG_ANALYZER_NONNULL = YES;
				CLANG_ANALYZER_NUMBER_OBJECT_CONVERSION = YES_AGGRESSIVE;
				CLANG_CXX_LANGUAGE_STANDARD = "gnu++0x";
				CLANG_CXX_LIBRARY = "libc++";
				CLANG_ENABLE_MODULES = YES;
				CLANG_ENABLE_OBJC_ARC = YES;
				CLANG_WARN_BOOL_CONVERSION = YES;
				CLANG_WARN_CONSTANT_CONVERSION = YES;
				CLANG_WARN_DIRECT_OBJC_ISA_USAGE = YES_ERROR;
				CLANG_WARN_DOCUMENTATION_COMMENTS = YES;
				CLANG_WARN_EMPTY_BODY = YES;
				CLANG_WARN_ENUM_CONVERSION = YES;
				CLANG_WARN_INFINITE_RECURSION = YES;
				CLANG_WARN_INT_CONVERSION = YES;
				CLANG_WARN_OBJC_ROOT_CLASS = YES_ERROR;
				CLANG_WARN_SUSPICIOUS_MOVE = YES;
				CLANG_WARN_UNREACHABLE_CODE = YES;
				CLANG_WARN__DUPLICATE_METHOD_MATCH = YES;
				"CODE_SIGN_IDENTITY[sdk=iphoneos*]" = "iPhone Developer";
				COPY_PHASE_STRIP = NO;
				DEBUG_INFORMATION_FORMAT = "dwarf-with-dsym";
				ENABLE_NS_ASSERTIONS = NO;
				ENABLE_STRICT_OBJC_MSGSEND = YES;
				FRAMEWORK_SEARCH_PATHS = "/Users/juraskrlec/Documents/projects/blinkid-react-native-custom/blinkid-react-native/BlinkIDReactNative/ios/Pods/PPBlinkID";
				GCC_C_LANGUAGE_STANDARD = gnu99;
				GCC_NO_COMMON_BLOCKS = YES;
				GCC_WARN_64_TO_32_BIT_CONVERSION = YES;
				GCC_WARN_ABOUT_RETURN_TYPE = YES_ERROR;
				GCC_WARN_UNDECLARED_SELECTOR = YES;
				GCC_WARN_UNINITIALIZED_AUTOS = YES_AGGRESSIVE;
				GCC_WARN_UNUSED_FUNCTION = YES;
				GCC_WARN_UNUSED_VARIABLE = YES;
				IPHONEOS_DEPLOYMENT_TARGET = 13.0;
				MTL_ENABLE_DEBUG_INFO = NO;
				SDKROOT = iphoneos;
				VALIDATE_PRODUCT = YES;
			};
			name = Release;
		};
		A27CCA351E9E57A500BED675 /* Debug */ = {
			isa = XCBuildConfiguration;
			buildSettings = {
				DEVELOPMENT_TEAM = CQTJWP89J7;
				FRAMEWORK_SEARCH_PATHS = (
					"$(inherited)",
					"$(PODS_ROOT)/PPBlinkID",
					"$(SRCROOT)/../../../../../ios/**",
					"$(PROJECT_DIR)",
				);
				HEADER_SEARCH_PATHS = (
					"$(SRCROOT)/../../node_modules/react-native/React",
					"$(SRCROOT)/../../node_modules/react-native/ReactCommon",
					"${PODS_ROOT}/Headers/Public/React",
					"${PODS_ROOT}/Headers/Public/yoga",
					"${PODS_ROOT}/Headers/Public",
				);
				IPHONEOS_DEPLOYMENT_TARGET = "$(inherited)";
				LIBRARY_SEARCH_PATHS = (
					"$(SRCROOT)/MicroblinkModule",
					"$(SRCROOT)/MicroblinkModule/Overlays",
					"$(SRCROOT)/MicroblinkModule/Overlays/Serialization",
					"$(SRCROOT)/MicroblinkModule/Recognizers",
					"$(SRCROOT)/MicroblinkModule/Recognizers/Wrappers",
				);
				OTHER_LDFLAGS = (
					"-ObjC",
					"-liconv",
					"-lc++",
					"-lz",
				);
				PODS_ROOT = "${SRCROOT}/../../../../../ios/Pods";
				PRODUCT_NAME = "$(TARGET_NAME)";
				SKIP_INSTALL = YES;
			};
			name = Debug;
		};
		A27CCA361E9E57A500BED675 /* Release */ = {
			isa = XCBuildConfiguration;
			buildSettings = {
				DEVELOPMENT_TEAM = CQTJWP89J7;
				FRAMEWORK_SEARCH_PATHS = (
					"$(inherited)",
					"$(PODS_ROOT)/PPBlinkID",
					"$(SRCROOT)/../../../../../ios/**",
					"$(PROJECT_DIR)",
				);
				HEADER_SEARCH_PATHS = (
					"$(SRCROOT)/../../node_modules/react-native/React",
					"$(SRCROOT)/../../node_modules/react-native/ReactCommon",
					"${PODS_ROOT}/Headers/Public/React",
					"${PODS_ROOT}/Headers/Public/yoga",
					"${PODS_ROOT}/Headers/Public",
				);
				IPHONEOS_DEPLOYMENT_TARGET = "$(inherited)";
				LIBRARY_SEARCH_PATHS = (
					"$(SRCROOT)/MicroblinkModule",
					"$(SRCROOT)/MicroblinkModule/Overlays",
					"$(SRCROOT)/MicroblinkModule/Overlays/Serialization",
					"$(SRCROOT)/MicroblinkModule/Recognizers",
					"$(SRCROOT)/MicroblinkModule/Recognizers/Wrappers",
				);
				OTHER_LDFLAGS = (
					"-ObjC",
					"-liconv",
					"-lc++",
					"-lz",
				);
				PODS_ROOT = "${SRCROOT}/../../../../../ios/Pods";
				PRODUCT_NAME = "$(TARGET_NAME)";
				SKIP_INSTALL = YES;
			};
			name = Release;
		};
/* End XCBuildConfiguration section */

/* Begin XCConfigurationList section */
		A27CCA261E9E57A500BED675 /* Build configuration list for PBXProject "MicroblinkModule" */ = {
			isa = XCConfigurationList;
			buildConfigurations = (
				A27CCA321E9E57A500BED675 /* Debug */,
				A27CCA331E9E57A500BED675 /* Release */,
			);
			defaultConfigurationIsVisible = 0;
			defaultConfigurationName = Release;
		};
		A27CCA341E9E57A500BED675 /* Build configuration list for PBXNativeTarget "MicroblinkModule" */ = {
			isa = XCConfigurationList;
			buildConfigurations = (
				A27CCA351E9E57A500BED675 /* Debug */,
				A27CCA361E9E57A500BED675 /* Release */,
			);
			defaultConfigurationIsVisible = 0;
			defaultConfigurationName = Release;
		};
/* End XCConfigurationList section */
	};
	rootObject = A27CCA231E9E57A500BED675 /* Project object */;
}

