// !$*UTF8*$!
{
	archiveVersion = 1;
	classes = {
	};
	objectVersion = 46;
	objects = {

/* Begin PBXBuildFile section */
		12E443A5AEDD84046998CE34 /* MBSerializationUtils.h in Headers */ = {isa = PBXBuildFile; fileRef = 3C8D4BE086A423091E4E34C5 /* MBSerializationUtils.h */; };
		241F40F39B06F5DA9BDEC00C /* MBBlinkCardOverlaySettingsSerialization.m in Sources */ = {isa = PBXBuildFile; fileRef = 1F0944E0B5B238289285CAC2 /* MBBlinkCardOverlaySettingsSerialization.m */; };
		2B374086B44E04224345C8CA /* MBSuccessFrameGrabberRecognizerWrapper.h in Headers */ = {isa = PBXBuildFile; fileRef = 50D9453C865EB8745FD3F310 /* MBSuccessFrameGrabberRecognizerWrapper.h */; };
		2B3D422380454C887BC70BCE /* MBBlinkCardSerializationUtils.m in Sources */ = {isa = PBXBuildFile; fileRef = 4B1740509286F983E5AB6224 /* MBBlinkCardSerializationUtils.m */; };
		2CDF46CD97E95B92E240E1A2 /* MBBlinkCardRecognizerWrapper.m in Sources */ = {isa = PBXBuildFile; fileRef = 741444A1BB7841761FA929F5 /* MBBlinkCardRecognizerWrapper.m */; };
		357D4AEAA5248F909E829E9B /* MBOverlayVCCreator.h in Headers */ = {isa = PBXBuildFile; fileRef = 4CB94346BF496AC74ED1D2EF /* MBOverlayVCCreator.h */; };
		3CC8427D8FAC7BEA0D9F199F /* MBOverlaySerializationUtils.m in Sources */ = {isa = PBXBuildFile; fileRef = 503F4CB2B48286B6A8E0566E /* MBOverlaySerializationUtils.m */; };
		47FE430B838B46E64B5EB22D /* MBBlinkCardRecognizerWrapper.h in Headers */ = {isa = PBXBuildFile; fileRef = 6DC044AF84E9834B1CD7DBAF /* MBBlinkCardRecognizerWrapper.h */; };
		4B39460D887ACE1F8DFD5540 /* MBRecognizerWrapper.m in Sources */ = {isa = PBXBuildFile; fileRef = CFCF4FE29E8D28930B823385 /* MBRecognizerWrapper.m */; };
		50BD440EA9191E04A8AF8BAD /* MBRecognizerSerializers.m in Sources */ = {isa = PBXBuildFile; fileRef = 15394AE894038483D2FE48C5 /* MBRecognizerSerializers.m */; };
		55F64255A4D049E66C9E1C65 /* MBOverlaySerializationUtils.h in Headers */ = {isa = PBXBuildFile; fileRef = 5B4C4FF484420EF471C6E870 /* MBOverlaySerializationUtils.h */; };
		71FB45D28F6C55207A014E89 /* MBRecognizerWrapper.h in Headers */ = {isa = PBXBuildFile; fileRef = 600B4A1B8CEF82BDD7EF7B52 /* MBRecognizerWrapper.h */; };
		75FF48B5BE5FF83367811C37 /* MBCommonSerializationUtils.m in Sources */ = {isa = PBXBuildFile; fileRef = 7B77405EAAC36E5E02A67D49 /* MBCommonSerializationUtils.m */; };
		798446DCA7A6BFDAC687B2B0 /* MBBlinkCardSerializationUtils.h in Headers */ = {isa = PBXBuildFile; fileRef = 0FFC4A8088A768FC650981AC /* MBBlinkCardSerializationUtils.h */; };
		87534CC4860CB5C3CAF7E11A /* MBBlinkCardModule.h in Headers */ = {isa = PBXBuildFile; fileRef = 8F9148C89EBF9F4A1B539C86 /* MBBlinkCardModule.h */; };
		87F2465781EB25BF5DF524DC /* MBOverlayViewControllerDelegate.h in Headers */ = {isa = PBXBuildFile; fileRef = 06264B3A9DC0293906540D86 /* MBOverlayViewControllerDelegate.h */; };
		9DC54AA893761AFC35457942 /* MBSerializationUtils.m in Sources */ = {isa = PBXBuildFile; fileRef = 3CCE4EEDB08B519F3943C3FA /* MBSerializationUtils.m */; };
		A27CCA401E9E5D8D00BED675 /* Accelerate.framework in Frameworks */ = {isa = PBXBuildFile; fileRef = A27CCA3A1E9E57CF00BED675 /* Accelerate.framework */; };
		A27CCA421E9E5D9400BED675 /* CoreFoundation.framework in Frameworks */ = {isa = PBXBuildFile; fileRef = A27CCA411E9E5D9400BED675 /* CoreFoundation.framework */; };
		A27CCA431E9E5D9900BED675 /* AudioToolbox.framework in Frameworks */ = {isa = PBXBuildFile; fileRef = A27CCA381E9E57C900BED675 /* AudioToolbox.framework */; };
		A27CCA441E9E5DAE00BED675 /* CoreMedia.framework in Frameworks */ = {isa = PBXBuildFile; fileRef = A27CCA3E1E9E57DA00BED675 /* CoreMedia.framework */; };
		ABA4455DA13C064BC0950EDE /* MBCommonSerializationUtils.h in Headers */ = {isa = PBXBuildFile; fileRef = FAA24AF78B33D3111BA78164 /* MBCommonSerializationUtils.h */; };
		B628482EB69D3334D235F932 /* MBBlinkCardModule.m in Sources */ = {isa = PBXBuildFile; fileRef = 307B485F8A2F3029364AE534 /* MBBlinkCardModule.m */; };
		C6DD4BD994F4443DD3F54B56 /* MBOverlaySettingsSerializers.m in Sources */ = {isa = PBXBuildFile; fileRef = 7BB24D929BE6DA48E5A4F054 /* MBOverlaySettingsSerializers.m */; };
		CAEC4E11B08953656A9FA609 /* MBSuccessFrameGrabberRecognizerWrapper.m in Sources */ = {isa = PBXBuildFile; fileRef = A15A41DB9FC8F6BAF2D6B187 /* MBSuccessFrameGrabberRecognizerWrapper.m */; };
		CE044C158915DCCC4F3B15EC /* MBOverlaySettingsSerializers.h in Headers */ = {isa = PBXBuildFile; fileRef = 72FF45C894778485F2492914 /* MBOverlaySettingsSerializers.h */; };
		EDA74DC7841FE19FA1BD2915 /* MBRecognizerSerializers.h in Headers */ = {isa = PBXBuildFile; fileRef = E7A9425F82F9EB60B113CC83 /* MBRecognizerSerializers.h */; };
		F836422B8487F341427183EB /* MBBlinkCardOverlaySettingsSerialization.h in Headers */ = {isa = PBXBuildFile; fileRef = 141A44939BA24ECD7CBF7883 /* MBBlinkCardOverlaySettingsSerialization.h */; };
/* End PBXBuildFile section */

/* Begin PBXCopyFilesBuildPhase section */
		A27CCA291E9E57A500BED675 /* CopyFiles */ = {
			isa = PBXCopyFilesBuildPhase;
			buildActionMask = 2147483647;
			dstPath = "include/$(PRODUCT_NAME)";
			dstSubfolderSpec = 16;
			files = (
			);
			runOnlyForDeploymentPostprocessing = 0;
		};
/* End PBXCopyFilesBuildPhase section */

/* Begin PBXFileReference section */
		06264B3A9DC0293906540D86 /* MBOverlayViewControllerDelegate.h */ = {isa = PBXFileReference; lastKnownFileType = sourcecode.c.h; name = MBOverlayViewControllerDelegate.h; path = MicroblinkModule/Overlays/MBOverlayViewControllerDelegate.h; sourceTree = "<group>"; };
		0FFC4A8088A768FC650981AC /* MBBlinkCardSerializationUtils.h */ = {isa = PBXFileReference; lastKnownFileType = sourcecode.c.h; name = MBBlinkCardSerializationUtils.h; path = MicroblinkModule/MBBlinkCardSerializationUtils.h; sourceTree = "<group>"; };
		141A44939BA24ECD7CBF7883 /* MBBlinkCardOverlaySettingsSerialization.h */ = {isa = PBXFileReference; lastKnownFileType = sourcecode.c.h; name = MBBlinkCardOverlaySettingsSerialization.h; path = MicroblinkModule/Overlays/Serialization/MBBlinkCardOverlaySettingsSerialization.h; sourceTree = "<group>"; };
		15394AE894038483D2FE48C5 /* MBRecognizerSerializers.m */ = {isa = PBXFileReference; lastKnownFileType = sourcecode.c.objc; name = MBRecognizerSerializers.m; path = MicroblinkModule/Recognizers/MBRecognizerSerializers.m; sourceTree = "<group>"; };
		1F0944E0B5B238289285CAC2 /* MBBlinkCardOverlaySettingsSerialization.m */ = {isa = PBXFileReference; lastKnownFileType = sourcecode.c.objc; name = MBBlinkCardOverlaySettingsSerialization.m; path = MicroblinkModule/Overlays/Serialization/MBBlinkCardOverlaySettingsSerialization.m; sourceTree = "<group>"; };
		307B485F8A2F3029364AE534 /* MBBlinkCardModule.m */ = {isa = PBXFileReference; lastKnownFileType = sourcecode.c.objc; name = MBBlinkCardModule.m; path = MicroblinkModule/MBBlinkCardModule.m; sourceTree = "<group>"; };
		3C8D4BE086A423091E4E34C5 /* MBSerializationUtils.h */ = {isa = PBXFileReference; lastKnownFileType = sourcecode.c.h; name = MBSerializationUtils.h; path = MicroblinkModule/MBSerializationUtils.h; sourceTree = "<group>"; };
		3CCE4EEDB08B519F3943C3FA /* MBSerializationUtils.m */ = {isa = PBXFileReference; lastKnownFileType = sourcecode.c.objc; name = MBSerializationUtils.m; path = MicroblinkModule/MBSerializationUtils.m; sourceTree = "<group>"; };
		4B1740509286F983E5AB6224 /* MBBlinkCardSerializationUtils.m */ = {isa = PBXFileReference; lastKnownFileType = sourcecode.c.objc; name = MBBlinkCardSerializationUtils.m; path = MicroblinkModule/MBBlinkCardSerializationUtils.m; sourceTree = "<group>"; };
		4CB94346BF496AC74ED1D2EF /* MBOverlayVCCreator.h */ = {isa = PBXFileReference; lastKnownFileType = sourcecode.c.h; name = MBOverlayVCCreator.h; path = MicroblinkModule/Overlays/MBOverlayVCCreator.h; sourceTree = "<group>"; };
		503F4CB2B48286B6A8E0566E /* MBOverlaySerializationUtils.m */ = {isa = PBXFileReference; lastKnownFileType = sourcecode.c.objc; name = MBOverlaySerializationUtils.m; path = MicroblinkModule/Overlays/MBOverlaySerializationUtils.m; sourceTree = "<group>"; };
		50D9453C865EB8745FD3F310 /* MBSuccessFrameGrabberRecognizerWrapper.h */ = {isa = PBXFileReference; lastKnownFileType = sourcecode.c.h; name = MBSuccessFrameGrabberRecognizerWrapper.h; path = MicroblinkModule/Recognizers/Wrappers/MBSuccessFrameGrabberRecognizerWrapper.h; sourceTree = "<group>"; };
		5B4C4FF484420EF471C6E870 /* MBOverlaySerializationUtils.h */ = {isa = PBXFileReference; lastKnownFileType = sourcecode.c.h; name = MBOverlaySerializationUtils.h; path = MicroblinkModule/Overlays/MBOverlaySerializationUtils.h; sourceTree = "<group>"; };
		600B4A1B8CEF82BDD7EF7B52 /* MBRecognizerWrapper.h */ = {isa = PBXFileReference; lastKnownFileType = sourcecode.c.h; name = MBRecognizerWrapper.h; path = MicroblinkModule/Recognizers/MBRecognizerWrapper.h; sourceTree = "<group>"; };
		6DC044AF84E9834B1CD7DBAF /* MBBlinkCardRecognizerWrapper.h */ = {isa = PBXFileReference; lastKnownFileType = sourcecode.c.h; name = MBBlinkCardRecognizerWrapper.h; path = MicroblinkModule/Recognizers/Wrappers/MBBlinkCardRecognizerWrapper.h; sourceTree = "<group>"; };
		72FF45C894778485F2492914 /* MBOverlaySettingsSerializers.h */ = {isa = PBXFileReference; lastKnownFileType = sourcecode.c.h; name = MBOverlaySettingsSerializers.h; path = MicroblinkModule/Overlays/MBOverlaySettingsSerializers.h; sourceTree = "<group>"; };
		741444A1BB7841761FA929F5 /* MBBlinkCardRecognizerWrapper.m */ = {isa = PBXFileReference; lastKnownFileType = sourcecode.c.objc; name = MBBlinkCardRecognizerWrapper.m; path = MicroblinkModule/Recognizers/Wrappers/MBBlinkCardRecognizerWrapper.m; sourceTree = "<group>"; };
		7B77405EAAC36E5E02A67D49 /* MBCommonSerializationUtils.m */ = {isa = PBXFileReference; lastKnownFileType = sourcecode.c.objc; name = MBCommonSerializationUtils.m; path = MicroblinkModule/MBCommonSerializationUtils.m; sourceTree = "<group>"; };
		7BB24D929BE6DA48E5A4F054 /* MBOverlaySettingsSerializers.m */ = {isa = PBXFileReference; lastKnownFileType = sourcecode.c.objc; name = MBOverlaySettingsSerializers.m; path = MicroblinkModule/Overlays/MBOverlaySettingsSerializers.m; sourceTree = "<group>"; };
		8F9148C89EBF9F4A1B539C86 /* MBBlinkCardModule.h */ = {isa = PBXFileReference; lastKnownFileType = sourcecode.c.h; name = MBBlinkCardModule.h; path = MicroblinkModule/MBBlinkCardModule.h; sourceTree = "<group>"; };
		A15A41DB9FC8F6BAF2D6B187 /* MBSuccessFrameGrabberRecognizerWrapper.m */ = {isa = PBXFileReference; lastKnownFileType = sourcecode.c.objc; name = MBSuccessFrameGrabberRecognizerWrapper.m; path = MicroblinkModule/Recognizers/Wrappers/MBSuccessFrameGrabberRecognizerWrapper.m; sourceTree = "<group>"; };
		A27CCA2B1E9E57A500BED675 /* libMicroblinkModule.a */ = {isa = PBXFileReference; explicitFileType = archive.ar; includeInIndex = 0; path = libMicroblinkModule.a; sourceTree = BUILT_PRODUCTS_DIR; };
		A27CCA381E9E57C900BED675 /* AudioToolbox.framework */ = {isa = PBXFileReference; lastKnownFileType = wrapper.framework; name = AudioToolbox.framework; path = System/Library/Frameworks/AudioToolbox.framework; sourceTree = SDKROOT; };
		A27CCA3A1E9E57CF00BED675 /* Accelerate.framework */ = {isa = PBXFileReference; lastKnownFileType = wrapper.framework; name = Accelerate.framework; path = System/Library/Frameworks/Accelerate.framework; sourceTree = SDKROOT; };
		A27CCA3C1E9E57D600BED675 /* AVFoundation.framework */ = {isa = PBXFileReference; lastKnownFileType = wrapper.framework; name = AVFoundation.framework; path = System/Library/Frameworks/AVFoundation.framework; sourceTree = SDKROOT; };
		A27CCA3E1E9E57DA00BED675 /* CoreMedia.framework */ = {isa = PBXFileReference; lastKnownFileType = wrapper.framework; name = CoreMedia.framework; path = System/Library/Frameworks/CoreMedia.framework; sourceTree = SDKROOT; };
		A27CCA411E9E5D9400BED675 /* CoreFoundation.framework */ = {isa = PBXFileReference; lastKnownFileType = wrapper.framework; name = CoreFoundation.framework; path = System/Library/Frameworks/CoreFoundation.framework; sourceTree = SDKROOT; };
		CFCF4FE29E8D28930B823385 /* MBRecognizerWrapper.m */ = {isa = PBXFileReference; lastKnownFileType = sourcecode.c.objc; name = MBRecognizerWrapper.m; path = MicroblinkModule/Recognizers/MBRecognizerWrapper.m; sourceTree = "<group>"; };
		E7A9425F82F9EB60B113CC83 /* MBRecognizerSerializers.h */ = {isa = PBXFileReference; lastKnownFileType = sourcecode.c.h; name = MBRecognizerSerializers.h; path = MicroblinkModule/Recognizers/MBRecognizerSerializers.h; sourceTree = "<group>"; };
		FAA24AF78B33D3111BA78164 /* MBCommonSerializationUtils.h */ = {isa = PBXFileReference; lastKnownFileType = sourcecode.c.h; name = MBCommonSerializationUtils.h; path = MicroblinkModule/MBCommonSerializationUtils.h; sourceTree = "<group>"; };
/* End PBXFileReference section */

/* Begin PBXFrameworksBuildPhase section */
		A27CCA281E9E57A500BED675 /* Frameworks */ = {
			isa = PBXFrameworksBuildPhase;
			buildActionMask = 2147483647;
			files = (
				A27CCA441E9E5DAE00BED675 /* CoreMedia.framework in Frameworks */,
				A27CCA431E9E5D9900BED675 /* AudioToolbox.framework in Frameworks */,
				A27CCA421E9E5D9400BED675 /* CoreFoundation.framework in Frameworks */,
				A27CCA401E9E5D8D00BED675 /* Accelerate.framework in Frameworks */,
			);
			runOnlyForDeploymentPostprocessing = 0;
		};
/* End PBXFrameworksBuildPhase section */

/* Begin PBXGroup section */
		1AD24CD985D0D5F36C468461 /* Serialization */ = {
			isa = PBXGroup;
			children = (
				141A44939BA24ECD7CBF7883 /* MBBlinkCardOverlaySettingsSerialization.h */,
				1F0944E0B5B238289285CAC2 /* MBBlinkCardOverlaySettingsSerialization.m */,
			);
			name = Serialization;
			path = MicroblinkModule/Overlays/Serialization;
			sourceTree = "<group>";
		};
		6137420DB9355FA8D71F07E5 /* Wrappers */ = {
			isa = PBXGroup;
			children = (
				50D9453C865EB8745FD3F310 /* MBSuccessFrameGrabberRecognizerWrapper.h */,
				6DC044AF84E9834B1CD7DBAF /* MBBlinkCardRecognizerWrapper.h */,
				741444A1BB7841761FA929F5 /* MBBlinkCardRecognizerWrapper.m */,
				A15A41DB9FC8F6BAF2D6B187 /* MBSuccessFrameGrabberRecognizerWrapper.m */,
			);
			name = Wrappers;
			path = MicroblinkModule/Recognizers/Wrappers;
			sourceTree = "<group>";
		};
		74AC48FA82D7052A70CFC992 /* MicroblinkModule */ = {
			isa = PBXGroup;
			children = (
				307B485F8A2F3029364AE534 /* MBBlinkCardModule.m */,
				0FFC4A8088A768FC650981AC /* MBBlinkCardSerializationUtils.h */,
				7B77405EAAC36E5E02A67D49 /* MBCommonSerializationUtils.m */,
				78484556878793223E1FCBA1 /* Overlays */,
				3CCE4EEDB08B519F3943C3FA /* MBSerializationUtils.m */,
				8F9148C89EBF9F4A1B539C86 /* MBBlinkCardModule.h */,
				AD1B46ECA4910D62750FFA17 /* Recognizers */,
				FAA24AF78B33D3111BA78164 /* MBCommonSerializationUtils.h */,
				4B1740509286F983E5AB6224 /* MBBlinkCardSerializationUtils.m */,
				3C8D4BE086A423091E4E34C5 /* MBSerializationUtils.h */,
			);
			name = MicroblinkModule;
			path = MicroblinkModule;
			sourceTree = "<group>";
		};
		78484556878793223E1FCBA1 /* Overlays */ = {
			isa = PBXGroup;
			children = (
				503F4CB2B48286B6A8E0566E /* MBOverlaySerializationUtils.m */,
				1AD24CD985D0D5F36C468461 /* Serialization */,
				4CB94346BF496AC74ED1D2EF /* MBOverlayVCCreator.h */,
				7BB24D929BE6DA48E5A4F054 /* MBOverlaySettingsSerializers.m */,
				5B4C4FF484420EF471C6E870 /* MBOverlaySerializationUtils.h */,
				06264B3A9DC0293906540D86 /* MBOverlayViewControllerDelegate.h */,
				72FF45C894778485F2492914 /* MBOverlaySettingsSerializers.h */,
			);
			name = Overlays;
			path = MicroblinkModule/Overlays;
			sourceTree = "<group>";
		};
		A27CCA221E9E57A500BED675 = {
			isa = PBXGroup;
			children = (
				A27CCA2C1E9E57A500BED675 /* Products */,
				A27CCA371E9E57C900BED675 /* Frameworks */,
				74AC48FA82D7052A70CFC992 /* MicroblinkModule */,
			);
			sourceTree = "<group>";
		};
		A27CCA2C1E9E57A500BED675 /* Products */ = {
			isa = PBXGroup;
			children = (
				A27CCA2B1E9E57A500BED675 /* libMicroblinkModule.a */,
			);
			name = Products;
			sourceTree = "<group>";
		};
		A27CCA371E9E57C900BED675 /* Frameworks */ = {
			isa = PBXGroup;
			children = (
				A27CCA411E9E5D9400BED675 /* CoreFoundation.framework */,
				A27CCA3E1E9E57DA00BED675 /* CoreMedia.framework */,
				A27CCA3C1E9E57D600BED675 /* AVFoundation.framework */,
				A27CCA3A1E9E57CF00BED675 /* Accelerate.framework */,
				A27CCA381E9E57C900BED675 /* AudioToolbox.framework */,
			);
			name = Frameworks;
			sourceTree = "<group>";
		};
		AD1B46ECA4910D62750FFA17 /* Recognizers */ = {
			isa = PBXGroup;
			children = (
				600B4A1B8CEF82BDD7EF7B52 /* MBRecognizerWrapper.h */,
				6137420DB9355FA8D71F07E5 /* Wrappers */,
				E7A9425F82F9EB60B113CC83 /* MBRecognizerSerializers.h */,
				CFCF4FE29E8D28930B823385 /* MBRecognizerWrapper.m */,
				15394AE894038483D2FE48C5 /* MBRecognizerSerializers.m */,
			);
			name = Recognizers;
			path = MicroblinkModule/Recognizers;
			sourceTree = "<group>";
		};
/* End PBXGroup section */

/* Begin PBXHeadersBuildPhase section */
		1DA8459891B34324A919A305 /* Headers */ = {
			isa = PBXHeadersBuildPhase;
			buildActionMask = 2147483647;
			files = (
				798446DCA7A6BFDAC687B2B0 /* MBBlinkCardSerializationUtils.h in Headers */,
				F836422B8487F341427183EB /* MBBlinkCardOverlaySettingsSerialization.h in Headers */,
				357D4AEAA5248F909E829E9B /* MBOverlayVCCreator.h in Headers */,
				55F64255A4D049E66C9E1C65 /* MBOverlaySerializationUtils.h in Headers */,
				87F2465781EB25BF5DF524DC /* MBOverlayViewControllerDelegate.h in Headers */,
				CE044C158915DCCC4F3B15EC /* MBOverlaySettingsSerializers.h in Headers */,
				87534CC4860CB5C3CAF7E11A /* MBBlinkCardModule.h in Headers */,
				71FB45D28F6C55207A014E89 /* MBRecognizerWrapper.h in Headers */,
				2B374086B44E04224345C8CA /* MBSuccessFrameGrabberRecognizerWrapper.h in Headers */,
				47FE430B838B46E64B5EB22D /* MBBlinkCardRecognizerWrapper.h in Headers */,
				EDA74DC7841FE19FA1BD2915 /* MBRecognizerSerializers.h in Headers */,
				ABA4455DA13C064BC0950EDE /* MBCommonSerializationUtils.h in Headers */,
				12E443A5AEDD84046998CE34 /* MBSerializationUtils.h in Headers */,
			);
			runOnlyForDeploymentPostprocessing = 0;
		};
/* End PBXHeadersBuildPhase section */

/* Begin PBXNativeTarget section */
		A27CCA2A1E9E57A500BED675 /* MicroblinkModule */ = {
			isa = PBXNativeTarget;
			buildConfigurationList = A27CCA341E9E57A500BED675 /* Build configuration list for PBXNativeTarget "MicroblinkModule" */;
			buildPhases = (
				A27CCA271E9E57A500BED675 /* Sources */,
				A27CCA281E9E57A500BED675 /* Frameworks */,
				A27CCA291E9E57A500BED675 /* CopyFiles */,
				1DA8459891B34324A919A305 /* Headers */,
			);
			buildRules = (
			);
			dependencies = (
			);
			name = MicroblinkModule;
			productName = BlinkIDReactNative;
			productReference = A27CCA2B1E9E57A500BED675 /* libMicroblinkModule.a */;
			productType = "com.apple.product-type.library.static";
		};
/* End PBXNativeTarget section */

/* Begin PBXProject section */
		A27CCA231E9E57A500BED675 /* Project object */ = {
			isa = PBXProject;
			attributes = {
				LastUpgradeCheck = 830;
				ORGANIZATIONNAME = "Jura Skrlec";
				TargetAttributes = {
					A27CCA2A1E9E57A500BED675 = {
						CreatedOnToolsVersion = 8.3.1;
						DevelopmentTeam = CQTJWP89J7;
						ProvisioningStyle = Automatic;
					};
				};
			};
			buildConfigurationList = A27CCA261E9E57A500BED675 /* Build configuration list for PBXProject "MicroblinkModule" */;
			compatibilityVersion = "Xcode 3.2";
			developmentRegion = English;
			hasScannedForEncodings = 0;
			knownRegions = (
				English,
				en,
			);
			mainGroup = A27CCA221E9E57A500BED675;
			productRefGroup = A27CCA2C1E9E57A500BED675 /* Products */;
			projectDirPath = "";
			projectRoot = "";
			targets = (
				A27CCA2A1E9E57A500BED675 /* MicroblinkModule */,
			);
		};
/* End PBXProject section */

/* Begin PBXSourcesBuildPhase section */
		A27CCA271E9E57A500BED675 /* Sources */ = {
			isa = PBXSourcesBuildPhase;
			buildActionMask = 2147483647;
			files = (
				B628482EB69D3334D235F932 /* MBBlinkCardModule.m in Sources */,
				75FF48B5BE5FF83367811C37 /* MBCommonSerializationUtils.m in Sources */,
				3CC8427D8FAC7BEA0D9F199F /* MBOverlaySerializationUtils.m in Sources */,
				241F40F39B06F5DA9BDEC00C /* MBBlinkCardOverlaySettingsSerialization.m in Sources */,
				C6DD4BD994F4443DD3F54B56 /* MBOverlaySettingsSerializers.m in Sources */,
				9DC54AA893761AFC35457942 /* MBSerializationUtils.m in Sources */,
				2CDF46CD97E95B92E240E1A2 /* MBBlinkCardRecognizerWrapper.m in Sources */,
				CAEC4E11B08953656A9FA609 /* MBSuccessFrameGrabberRecognizerWrapper.m in Sources */,
				4B39460D887ACE1F8DFD5540 /* MBRecognizerWrapper.m in Sources */,
				50BD440EA9191E04A8AF8BAD /* MBRecognizerSerializers.m in Sources */,
				2B3D422380454C887BC70BCE /* MBBlinkCardSerializationUtils.m in Sources */,
			);
			runOnlyForDeploymentPostprocessing = 0;
		};
/* End PBXSourcesBuildPhase section */

/* Begin XCBuildConfiguration section */
		A27CCA321E9E57A500BED675 /* Debug */ = {
			isa = XCBuildConfiguration;
			buildSettings = {
				ALWAYS_SEARCH_USER_PATHS = NO;
				CLANG_ANALYZER_NONNULL = YES;
				CLANG_ANALYZER_NUMBER_OBJECT_CONVERSION = YES_AGGRESSIVE;
				CLANG_CXX_LANGUAGE_STANDARD = "gnu++0x";
				CLANG_CXX_LIBRARY = "libc++";
				CLANG_ENABLE_MODULES = YES;
				CLANG_ENABLE_OBJC_ARC = YES;
				CLANG_WARN_BOOL_CONVERSION = YES;
				CLANG_WARN_CONSTANT_CONVERSION = YES;
				CLANG_WARN_DIRECT_OBJC_ISA_USAGE = YES_ERROR;
				CLANG_WARN_DOCUMENTATION_COMMENTS = YES;
				CLANG_WARN_EMPTY_BODY = YES;
				CLANG_WARN_ENUM_CONVERSION = YES;
				CLANG_WARN_INFINITE_RECURSION = YES;
				CLANG_WARN_INT_CONVERSION = YES;
				CLANG_WARN_OBJC_ROOT_CLASS = YES_ERROR;
				CLANG_WARN_SUSPICIOUS_MOVE = YES;
				CLANG_WARN_UNREACHABLE_CODE = YES;
				CLANG_WARN__DUPLICATE_METHOD_MATCH = YES;
				"CODE_SIGN_IDENTITY[sdk=iphoneos*]" = "iPhone Developer";
				COPY_PHASE_STRIP = NO;
				DEBUG_INFORMATION_FORMAT = dwarf;
				ENABLE_STRICT_OBJC_MSGSEND = YES;
				ENABLE_TESTABILITY = YES;
				FRAMEWORK_SEARCH_PATHS = "/Users/juraskrlec/Documents/projects/blinkid-react-native-custom/blinkid-react-native/BlinkIDReactNative/ios/Pods/PPBlinkID";
				GCC_C_LANGUAGE_STANDARD = gnu99;
				GCC_DYNAMIC_NO_PIC = NO;
				GCC_NO_COMMON_BLOCKS = YES;
				GCC_OPTIMIZATION_LEVEL = 0;
				GCC_PREPROCESSOR_DEFINITIONS = (
					"DEBUG=1",
					"$(inherited)",
				);
				GCC_WARN_64_TO_32_BIT_CONVERSION = YES;
				GCC_WARN_ABOUT_RETURN_TYPE = YES_ERROR;
				GCC_WARN_UNDECLARED_SELECTOR = YES;
				GCC_WARN_UNINITIALIZED_AUTOS = YES_AGGRESSIVE;
				GCC_WARN_UNUSED_FUNCTION = YES;
				GCC_WARN_UNUSED_VARIABLE = YES;
				IPHONEOS_DEPLOYMENT_TARGET = 13.0;
				MTL_ENABLE_DEBUG_INFO = YES;
				ONLY_ACTIVE_ARCH = YES;
				SDKROOT = iphoneos;
			};
			name = Debug;
		};
		A27CCA331E9E57A500BED675 /* Release */ = {
			isa = XCBuildConfiguration;
			buildSettings = {
				ALWAYS_SEARCH_USER_PATHS = NO;
				CLANG_ANALYZER_NONNULL = YES;
				CLANG_ANALYZER_NUMBER_OBJECT_CONVERSION = YES_AGGRESSIVE;
				CLANG_CXX_LANGUAGE_STANDARD = "gnu++0x";
				CLANG_CXX_LIBRARY = "libc++";
				CLANG_ENABLE_MODULES = YES;
				CLANG_ENABLE_OBJC_ARC = YES;
				CLANG_WARN_BOOL_CONVERSION = YES;
				CLANG_WARN_CONSTANT_CONVERSION = YES;
				CLANG_WARN_DIRECT_OBJC_ISA_USAGE = YES_ERROR;
				CLANG_WARN_DOCUMENTATION_COMMENTS = YES;
				CLANG_WARN_EMPTY_BODY = YES;
				CLANG_WARN_ENUM_CONVERSION = YES;
				CLANG_WARN_INFINITE_RECURSION = YES;
				CLANG_WARN_INT_CONVERSION = YES;
				CLANG_WARN_OBJC_ROOT_CLASS = YES_ERROR;
				CLANG_WARN_SUSPICIOUS_MOVE = YES;
				CLANG_WARN_UNREACHABLE_CODE = YES;
				CLANG_WARN__DUPLICATE_METHOD_MATCH = YES;
				"CODE_SIGN_IDENTITY[sdk=iphoneos*]" = "iPhone Developer";
				COPY_PHASE_STRIP = NO;
				DEBUG_INFORMATION_FORMAT = "dwarf-with-dsym";
				ENABLE_NS_ASSERTIONS = NO;
				ENABLE_STRICT_OBJC_MSGSEND = YES;
				FRAMEWORK_SEARCH_PATHS = "/Users/juraskrlec/Documents/projects/blinkid-react-native-custom/blinkid-react-native/BlinkIDReactNative/ios/Pods/PPBlinkID";
				GCC_C_LANGUAGE_STANDARD = gnu99;
				GCC_NO_COMMON_BLOCKS = YES;
				GCC_WARN_64_TO_32_BIT_CONVERSION = YES;
				GCC_WARN_ABOUT_RETURN_TYPE = YES_ERROR;
				GCC_WARN_UNDECLARED_SELECTOR = YES;
				GCC_WARN_UNINITIALIZED_AUTOS = YES_AGGRESSIVE;
				GCC_WARN_UNUSED_FUNCTION = YES;
				GCC_WARN_UNUSED_VARIABLE = YES;
				IPHONEOS_DEPLOYMENT_TARGET = 13.0;
				MTL_ENABLE_DEBUG_INFO = NO;
				SDKROOT = iphoneos;
				VALIDATE_PRODUCT = YES;
			};
			name = Release;
		};
		A27CCA351E9E57A500BED675 /* Debug */ = {
			isa = XCBuildConfiguration;
			buildSettings = {
				DEVELOPMENT_TEAM = CQTJWP89J7;
				FRAMEWORK_SEARCH_PATHS = (
					"$(inherited)",
					"$(PODS_ROOT)/PPBlinkID",
					"$(SRCROOT)/../../../../../ios/**",
					"$(PROJECT_DIR)",
				);
				HEADER_SEARCH_PATHS = (
					"$(SRCROOT)/../../node_modules/react-native/React",
					"$(SRCROOT)/../../node_modules/react-native/ReactCommon",
					"${PODS_ROOT}/Headers/Public/React",
					"${PODS_ROOT}/Headers/Public/yoga",
					"${PODS_ROOT}/Headers/Public",
				);
				IPHONEOS_DEPLOYMENT_TARGET = "$(inherited)";
				LIBRARY_SEARCH_PATHS = (
					"$(SRCROOT)/MicroblinkModule",
					"$(SRCROOT)/MicroblinkModule/Overlays",
					"$(SRCROOT)/MicroblinkModule/Overlays/Serialization",
					"$(SRCROOT)/MicroblinkModule/Recognizers",
					"$(SRCROOT)/MicroblinkModule/Recognizers/Wrappers",
				);
				OTHER_LDFLAGS = (
					"-ObjC",
					"-liconv",
					"-lc++",
					"-lz",
				);
				PODS_ROOT = "${SRCROOT}/../../../../../ios/Pods";
				PRODUCT_NAME = "$(TARGET_NAME)";
				SKIP_INSTALL = YES;
			};
			name = Debug;
		};
		A27CCA361E9E57A500BED675 /* Release */ = {
			isa = XCBuildConfiguration;
			buildSettings = {
				DEVELOPMENT_TEAM = CQTJWP89J7;
				FRAMEWORK_SEARCH_PATHS = (
					"$(inherited)",
					"$(PODS_ROOT)/PPBlinkID",
					"$(SRCROOT)/../../../../../ios/**",
					"$(PROJECT_DIR)",
				);
				HEADER_SEARCH_PATHS = (
					"$(SRCROOT)/../../node_modules/react-native/React",
					"$(SRCROOT)/../../node_modules/react-native/ReactCommon",
					"${PODS_ROOT}/Headers/Public/React",
					"${PODS_ROOT}/Headers/Public/yoga",
					"${PODS_ROOT}/Headers/Public",
				);
				IPHONEOS_DEPLOYMENT_TARGET = "$(inherited)";
				LIBRARY_SEARCH_PATHS = (
					"$(SRCROOT)/MicroblinkModule",
					"$(SRCROOT)/MicroblinkModule/Overlays",
					"$(SRCROOT)/MicroblinkModule/Overlays/Serialization",
					"$(SRCROOT)/MicroblinkModule/Recognizers",
					"$(SRCROOT)/MicroblinkModule/Recognizers/Wrappers",
				);
				OTHER_LDFLAGS = (
					"-ObjC",
					"-liconv",
					"-lc++",
					"-lz",
				);
				PODS_ROOT = "${SRCROOT}/../../../../../ios/Pods";
				PRODUCT_NAME = "$(TARGET_NAME)";
				SKIP_INSTALL = YES;
			};
			name = Release;
		};
/* End XCBuildConfiguration section */

/* Begin XCConfigurationList section */
		A27CCA261E9E57A500BED675 /* Build configuration list for PBXProject "MicroblinkModule" */ = {
			isa = XCConfigurationList;
			buildConfigurations = (
				A27CCA321E9E57A500BED675 /* Debug */,
				A27CCA331E9E57A500BED675 /* Release */,
			);
			defaultConfigurationIsVisible = 0;
			defaultConfigurationName = Release;
		};
		A27CCA341E9E57A500BED675 /* Build configuration list for PBXNativeTarget "MicroblinkModule" */ = {
			isa = XCConfigurationList;
			buildConfigurations = (
				A27CCA351E9E57A500BED675 /* Debug */,
				A27CCA361E9E57A500BED675 /* Release */,
			);
			defaultConfigurationIsVisible = 0;
			defaultConfigurationName = Release;
		};
/* End XCConfigurationList section */
	};
	rootObject = A27CCA231E9E57A500BED675 /* Project object */;
}

